// !$*UTF8*$!
{
	archiveVersion = 1;
	classes = {
	};
	objectVersion = 52;
	objects = {

/* Begin PBXBuildFile section */
		A40B757C24D9A744006DB7D1 /* ScheduleInteractor.swift in Sources */ = {isa = PBXBuildFile; fileRef = A40B757B24D9A744006DB7D1 /* ScheduleInteractor.swift */; };
		A40B757E24D9A750006DB7D1 /* SchedulePresenter.swift in Sources */ = {isa = PBXBuildFile; fileRef = A40B757D24D9A750006DB7D1 /* SchedulePresenter.swift */; };
		A40B758024D9A75A006DB7D1 /* ScheduleRouter.swift in Sources */ = {isa = PBXBuildFile; fileRef = A40B757F24D9A75A006DB7D1 /* ScheduleRouter.swift */; };
		A40B758224D9A76F006DB7D1 /* ScheduleConfigurator.swift in Sources */ = {isa = PBXBuildFile; fileRef = A40B758124D9A76F006DB7D1 /* ScheduleConfigurator.swift */; };
		A40B758424D9A7CD006DB7D1 /* WarmupInteractor.swift in Sources */ = {isa = PBXBuildFile; fileRef = A40B758324D9A7CD006DB7D1 /* WarmupInteractor.swift */; };
		A40B758624D9A7F6006DB7D1 /* WarmupPresenter.swift in Sources */ = {isa = PBXBuildFile; fileRef = A40B758524D9A7F6006DB7D1 /* WarmupPresenter.swift */; };
		A40B758824D9A7FD006DB7D1 /* WarmupRouter.swift in Sources */ = {isa = PBXBuildFile; fileRef = A40B758724D9A7FD006DB7D1 /* WarmupRouter.swift */; };
		A40B758A24D9A806006DB7D1 /* WarmupConfigurator.swift in Sources */ = {isa = PBXBuildFile; fileRef = A40B758924D9A806006DB7D1 /* WarmupConfigurator.swift */; };
		A40B758C24D9A81A006DB7D1 /* HomeGameInteractor.swift in Sources */ = {isa = PBXBuildFile; fileRef = A40B758B24D9A81A006DB7D1 /* HomeGameInteractor.swift */; };
		A40B758E24D9A820006DB7D1 /* HomeGamePresenter.swift in Sources */ = {isa = PBXBuildFile; fileRef = A40B758D24D9A820006DB7D1 /* HomeGamePresenter.swift */; };
		A40B759024D9A829006DB7D1 /* HomeGameRouter.swift in Sources */ = {isa = PBXBuildFile; fileRef = A40B758F24D9A829006DB7D1 /* HomeGameRouter.swift */; };
		A40B759224D9A836006DB7D1 /* HomeGameConfigurator.swift in Sources */ = {isa = PBXBuildFile; fileRef = A40B759124D9A836006DB7D1 /* HomeGameConfigurator.swift */; };
		A40B759424D9A845006DB7D1 /* ProfileInteractor.swift in Sources */ = {isa = PBXBuildFile; fileRef = A40B759324D9A845006DB7D1 /* ProfileInteractor.swift */; };
		A40B759624D9A84C006DB7D1 /* ProfilePresenter.swift in Sources */ = {isa = PBXBuildFile; fileRef = A40B759524D9A84C006DB7D1 /* ProfilePresenter.swift */; };
		A40B759824D9A852006DB7D1 /* ProfileRouter.swift in Sources */ = {isa = PBXBuildFile; fileRef = A40B759724D9A852006DB7D1 /* ProfileRouter.swift */; };
		A40B759A24D9A85B006DB7D1 /* ProfileConfigurator.swift in Sources */ = {isa = PBXBuildFile; fileRef = A40B759924D9A85B006DB7D1 /* ProfileConfigurator.swift */; };
		A40B759C24D9A868006DB7D1 /* RatingInteractor.swift in Sources */ = {isa = PBXBuildFile; fileRef = A40B759B24D9A868006DB7D1 /* RatingInteractor.swift */; };
		A40B759E24D9A86E006DB7D1 /* RatingPresenter.swift in Sources */ = {isa = PBXBuildFile; fileRef = A40B759D24D9A86E006DB7D1 /* RatingPresenter.swift */; };
		A40B75A024D9A875006DB7D1 /* RatingRouter.swift in Sources */ = {isa = PBXBuildFile; fileRef = A40B759F24D9A875006DB7D1 /* RatingRouter.swift */; };
		A40B75A224D9A880006DB7D1 /* RatingConfigurator.swift in Sources */ = {isa = PBXBuildFile; fileRef = A40B75A124D9A880006DB7D1 /* RatingConfigurator.swift */; };
		A40D815A24D2C6C1006D2CE3 /* AppDelegate.swift in Sources */ = {isa = PBXBuildFile; fileRef = A40D815924D2C6C1006D2CE3 /* AppDelegate.swift */; };
		A40D815C24D2C6C1006D2CE3 /* SceneDelegate.swift in Sources */ = {isa = PBXBuildFile; fileRef = A40D815B24D2C6C1006D2CE3 /* SceneDelegate.swift */; };
		A40D816324D2C6C2006D2CE3 /* Assets.xcassets in Resources */ = {isa = PBXBuildFile; fileRef = A40D816224D2C6C2006D2CE3 /* Assets.xcassets */; };
		A40D816624D2C6C2006D2CE3 /* LaunchScreen.storyboard in Resources */ = {isa = PBXBuildFile; fileRef = A40D816424D2C6C2006D2CE3 /* LaunchScreen.storyboard */; };
		A40D817A24D2C9E6006D2CE3 /* MainMenuVC.swift in Sources */ = {isa = PBXBuildFile; fileRef = A40D817924D2C9E6006D2CE3 /* MainMenuVC.swift */; };
		A40D817C24D2CA04006D2CE3 /* ScheduleVC.swift in Sources */ = {isa = PBXBuildFile; fileRef = A40D817B24D2CA04006D2CE3 /* ScheduleVC.swift */; };
		A40D817E24D2CA1A006D2CE3 /* WarmupVC.swift in Sources */ = {isa = PBXBuildFile; fileRef = A40D817D24D2CA1A006D2CE3 /* WarmupVC.swift */; };
		A40D818024D2CA26006D2CE3 /* HomeGamesListVC.swift in Sources */ = {isa = PBXBuildFile; fileRef = A40D817F24D2CA26006D2CE3 /* HomeGamesListVC.swift */; };
		A40D818224D2CA30006D2CE3 /* ProfileVC.swift in Sources */ = {isa = PBXBuildFile; fileRef = A40D818124D2CA30006D2CE3 /* ProfileVC.swift */; };
		A40D818424D2CA39006D2CE3 /* RatingVC.swift in Sources */ = {isa = PBXBuildFile; fileRef = A40D818324D2CA39006D2CE3 /* RatingVC.swift */; };
		A40D818624D2CA44006D2CE3 /* ShopVC.swift in Sources */ = {isa = PBXBuildFile; fileRef = A40D818524D2CA44006D2CE3 /* ShopVC.swift */; };
		A40D818A24D2D24C006D2CE3 /* ScheduleCell.swift in Sources */ = {isa = PBXBuildFile; fileRef = A40D818824D2D24C006D2CE3 /* ScheduleCell.swift */; };
		A40D818B24D2D24C006D2CE3 /* ScheduleCell.xib in Resources */ = {isa = PBXBuildFile; fileRef = A40D818924D2D24C006D2CE3 /* ScheduleCell.xib */; };
		A40F035D24D412D700C381F2 /* ShopItemCell.swift in Sources */ = {isa = PBXBuildFile; fileRef = A40F035B24D412D700C381F2 /* ShopItemCell.swift */; };
		A40F036224D4187800C381F2 /* UIKitExtensions.swift in Sources */ = {isa = PBXBuildFile; fileRef = A40F036124D4187800C381F2 /* UIKitExtensions.swift */; };
		A40F036424D419D200C381F2 /* MenuCellItemProtocol.swift in Sources */ = {isa = PBXBuildFile; fileRef = A40F036324D419D200C381F2 /* MenuCellItemProtocol.swift */; };
		A4147AD524E596FC007C131F /* IQKeyboardManagerSwift in Frameworks */ = {isa = PBXBuildFile; productRef = A4147AD424E596FC007C131F /* IQKeyboardManagerSwift */; };
		A4147AD724E5B92D007C131F /* Place.swift in Sources */ = {isa = PBXBuildFile; fileRef = A4147AD624E5B92D007C131F /* Place.swift */; };
		A4147AD924E5BAF9007C131F /* MapService.swift in Sources */ = {isa = PBXBuildFile; fileRef = A4147AD824E5BAF9007C131F /* MapService.swift */; };
		A419F2F224F003C9004A7997 /* ScalingButton.swift in Sources */ = {isa = PBXBuildFile; fileRef = A419F2F124F003C9004A7997 /* ScalingButton.swift */; };
		A423AC1B24EE864000071E68 /* ProfileCell.swift in Sources */ = {isa = PBXBuildFile; fileRef = A423AC1A24EE864000071E68 /* ProfileCell.swift */; };
		A423AC1D24EE971100071E68 /* ShopItem.swift in Sources */ = {isa = PBXBuildFile; fileRef = A423AC1C24EE971100071E68 /* ShopItem.swift */; };
		A423AC2024EEBA0600071E68 /* BottomPopup in Frameworks */ = {isa = PBXBuildFile; productRef = A423AC1F24EEBA0600071E68 /* BottomPopup */; };
		A423AC2224EEBCD600071E68 /* FiltersVC.swift in Sources */ = {isa = PBXBuildFile; fileRef = A423AC2124EEBCD600071E68 /* FiltersVC.swift */; };
		A423AC2424EEC65100071E68 /* ConfirmVC.swift in Sources */ = {isa = PBXBuildFile; fileRef = A423AC2324EEC65100071E68 /* ConfirmVC.swift */; };
		A42527C324F06E9300E3FBD4 /* GameFirstPlayCell.swift in Sources */ = {isa = PBXBuildFile; fileRef = A42527C124F06E9300E3FBD4 /* GameFirstPlayCell.swift */; };
		A42527C424F06E9300E3FBD4 /* GameFirstPlayCell.xib in Resources */ = {isa = PBXBuildFile; fileRef = A42527C224F06E9300E3FBD4 /* GameFirstPlayCell.xib */; };
		A445E34824DE02BC0070B9FC /* TitleLabel.swift in Sources */ = {isa = PBXBuildFile; fileRef = A445E34724DE02BC0070B9FC /* TitleLabel.swift */; };
		A44C697624EFD45300AB3BC9 /* QRCodeService.swift in Sources */ = {isa = PBXBuildFile; fileRef = A44C697524EFD45300AB3BC9 /* QRCodeService.swift */; };
		A44C697824EFE06000AB3BC9 /* QRScannerVC.swift in Sources */ = {isa = PBXBuildFile; fileRef = A44C697724EFE06000AB3BC9 /* QRScannerVC.swift */; };
		A44C697B24EFE70B00AB3BC9 /* RouterProtocol.swift in Sources */ = {isa = PBXBuildFile; fileRef = A44C697A24EFE70B00AB3BC9 /* RouterProtocol.swift */; };
		A450E39624E559CD00C49AEE /* TitledTextFieldView.xib in Resources */ = {isa = PBXBuildFile; fileRef = A450E39424E559CD00C49AEE /* TitledTextFieldView.xib */; };
		A450E39724E559CD00C49AEE /* TitledTextFieldView.swift in Sources */ = {isa = PBXBuildFile; fileRef = A450E39524E559CD00C49AEE /* TitledTextFieldView.swift */; };
		A450E39A24E564A900C49AEE /* GameCertificateCell.swift in Sources */ = {isa = PBXBuildFile; fileRef = A450E39824E564A900C49AEE /* GameCertificateCell.swift */; };
		A450E39B24E564A900C49AEE /* GameCertificateCell.xib in Resources */ = {isa = PBXBuildFile; fileRef = A450E39924E564A900C49AEE /* GameCertificateCell.xib */; };
		A450E39D24E571C900C49AEE /* GameOrderPresenter.swift in Sources */ = {isa = PBXBuildFile; fileRef = A450E39C24E571C900C49AEE /* GameOrderPresenter.swift */; };
		A450E39F24E5729200C49AEE /* GameOrderConfigurator.swift in Sources */ = {isa = PBXBuildFile; fileRef = A450E39E24E5729200C49AEE /* GameOrderConfigurator.swift */; };
		A450E3A124E5732200C49AEE /* GameOrderInteractor.swift in Sources */ = {isa = PBXBuildFile; fileRef = A450E3A024E5732200C49AEE /* GameOrderInteractor.swift */; };
		A450E3A324E5735400C49AEE /* GameOrderRouter.swift in Sources */ = {isa = PBXBuildFile; fileRef = A450E3A224E5735400C49AEE /* GameOrderRouter.swift */; };
		A450E3A524E57A8C00C49AEE /* GameInfoItemKind.swift in Sources */ = {isa = PBXBuildFile; fileRef = A450E3A424E57A8C00C49AEE /* GameInfoItemKind.swift */; };
		A452E3B224D428DA002EE514 /* ShopItemCell.xib in Resources */ = {isa = PBXBuildFile; fileRef = A452E3B024D428DA002EE514 /* ShopItemCell.xib */; };
		A452E3B424D431C5002EE514 /* DataTypesExtensions.swift in Sources */ = {isa = PBXBuildFile; fileRef = A452E3B324D431C5002EE514 /* DataTypesExtensions.swift */; };
		A46436E724EA7B120033F23A /* Gilroy-Heavy.ttf in Resources */ = {isa = PBXBuildFile; fileRef = A46436E624EA7B110033F23A /* Gilroy-Heavy.ttf */; };
		A46436E924EA7E590033F23A /* Team.swift in Sources */ = {isa = PBXBuildFile; fileRef = A46436E824EA7E590033F23A /* Team.swift */; };
		A46436ED24EAD24F0033F23A /* HBSegmentedControl.swift in Sources */ = {isa = PBXBuildFile; fileRef = A46436EC24EAD24F0033F23A /* HBSegmentedControl.swift */; };
		A464370324EB37DB0033F23A /* ExpandingHeader.xib in Resources */ = {isa = PBXBuildFile; fileRef = A464370024EB37DB0033F23A /* ExpandingHeader.xib */; };
		A464370424EB37DB0033F23A /* ExpandingHeader.swift in Sources */ = {isa = PBXBuildFile; fileRef = A464370124EB37DB0033F23A /* ExpandingHeader.swift */; };
		A464370524EB37DB0033F23A /* ExpandingHeaderTextField.swift in Sources */ = {isa = PBXBuildFile; fileRef = A464370224EB37DB0033F23A /* ExpandingHeaderTextField.swift */; };
		A469F75924E3084D007FB332 /* ScheduleGameCell.swift in Sources */ = {isa = PBXBuildFile; fileRef = A469F75824E3084D007FB332 /* ScheduleGameCell.swift */; };
		A46F303624F5284E0062A333 /* GamePaymentTypeCell.swift in Sources */ = {isa = PBXBuildFile; fileRef = A46F303424F5284E0062A333 /* GamePaymentTypeCell.swift */; };
		A46F303724F5284E0062A333 /* GamePaymentTypeCell.xib in Resources */ = {isa = PBXBuildFile; fileRef = A46F303524F5284E0062A333 /* GamePaymentTypeCell.xib */; };
		A46F303A24F52CAE0062A333 /* GameOnlinePaymentCell.swift in Sources */ = {isa = PBXBuildFile; fileRef = A46F303824F52CAE0062A333 /* GameOnlinePaymentCell.swift */; };
		A46F303B24F52CAE0062A333 /* GameOnlinePaymentCell.xib in Resources */ = {isa = PBXBuildFile; fileRef = A46F303924F52CAE0062A333 /* GameOnlinePaymentCell.xib */; };
		A46F303E24F5302B0062A333 /* GameSubmitButtonCell.swift in Sources */ = {isa = PBXBuildFile; fileRef = A46F303C24F5302B0062A333 /* GameSubmitButtonCell.swift */; };
		A46F303F24F5302B0062A333 /* GameSubmitButtonCell.xib in Resources */ = {isa = PBXBuildFile; fileRef = A46F303D24F5302B0062A333 /* GameSubmitButtonCell.xib */; };
		A48A11EE24F55F9500F91B9C /* Main.storyboard in Resources */ = {isa = PBXBuildFile; fileRef = A48A11ED24F55F9500F91B9C /* Main.storyboard */; };
		A48DFF7524F3EB5000E47095 /* HomeGameVideoVC.swift in Sources */ = {isa = PBXBuildFile; fileRef = A48DFF7424F3EB5000E47095 /* HomeGameVideoVC.swift */; };
		A48DFF7724F3EBC400E47095 /* VideoView.xib in Resources */ = {isa = PBXBuildFile; fileRef = A48DFF7624F3EBC400E47095 /* VideoView.xib */; };
		A48DFF7924F3EBEF00E47095 /* VideoView.swift in Sources */ = {isa = PBXBuildFile; fileRef = A48DFF7824F3EBEF00E47095 /* VideoView.swift */; };
		A48DFF7B24F4070200E47095 /* HomeGame.swift in Sources */ = {isa = PBXBuildFile; fileRef = A48DFF7A24F4070200E47095 /* HomeGame.swift */; };
		A48DFF7D24F419AC00E47095 /* ShopCompletionVC.swift in Sources */ = {isa = PBXBuildFile; fileRef = A48DFF7C24F419AC00E47095 /* ShopCompletionVC.swift */; };
		A498FCCC24E52ED80069F896 /* GameRegisterCell.swift in Sources */ = {isa = PBXBuildFile; fileRef = A498FCCA24E52ED80069F896 /* GameRegisterCell.swift */; };
		A498FCCD24E52ED80069F896 /* GameRegisterCell.xib in Resources */ = {isa = PBXBuildFile; fileRef = A498FCCB24E52ED80069F896 /* GameRegisterCell.xib */; };
		A4A0659824E477860080E0D8 /* GameOrderVC.swift in Sources */ = {isa = PBXBuildFile; fileRef = A4A0659724E477860080E0D8 /* GameOrderVC.swift */; };
		A4A0659D24E477E20080E0D8 /* GameInfoCell.swift in Sources */ = {isa = PBXBuildFile; fileRef = A4A0659B24E477E20080E0D8 /* GameInfoCell.swift */; };
		A4A0659E24E477E20080E0D8 /* GameInfoCell.xib in Resources */ = {isa = PBXBuildFile; fileRef = A4A0659C24E477E20080E0D8 /* GameInfoCell.xib */; };
		A4A065A224E47D1F0080E0D8 /* GameAnnotationCell.swift in Sources */ = {isa = PBXBuildFile; fileRef = A4A065A024E47D1F0080E0D8 /* GameAnnotationCell.swift */; };
		A4A065A324E47D1F0080E0D8 /* GameAnnotationCell.xib in Resources */ = {isa = PBXBuildFile; fileRef = A4A065A124E47D1F0080E0D8 /* GameAnnotationCell.xib */; };
		A4A065A524E47D460080E0D8 /* TableCellProtocol.swift in Sources */ = {isa = PBXBuildFile; fileRef = A4A065A424E47D460080E0D8 /* TableCellProtocol.swift */; };
		A4A065A724E47E510080E0D8 /* Gilroy-Medium.ttf in Resources */ = {isa = PBXBuildFile; fileRef = A4A065A624E47E500080E0D8 /* Gilroy-Medium.ttf */; };
		A4A065AA24E4812F0080E0D8 /* GameGeneralDescriptionCell.swift in Sources */ = {isa = PBXBuildFile; fileRef = A4A065A824E4812F0080E0D8 /* GameGeneralDescriptionCell.swift */; };
		A4A065AB24E4812F0080E0D8 /* GameGeneralDescriptionCell.xib in Resources */ = {isa = PBXBuildFile; fileRef = A4A065A924E4812F0080E0D8 /* GameGeneralDescriptionCell.xib */; };
		A4A5370424EC7691004A10D4 /* UIColorExtensions.swift in Sources */ = {isa = PBXBuildFile; fileRef = A4A5370324EC7691004A10D4 /* UIColorExtensions.swift */; };
		A4A5370824EC7AA6004A10D4 /* HomeGameCell.swift in Sources */ = {isa = PBXBuildFile; fileRef = A4A5370624EC7AA6004A10D4 /* HomeGameCell.swift */; };
		A4A5370924EC7AA6004A10D4 /* HomeGameCell.xib in Resources */ = {isa = PBXBuildFile; fileRef = A4A5370724EC7AA6004A10D4 /* HomeGameCell.xib */; };
		A4B0753224DFDBFB007778A2 /* GameInfo.swift in Sources */ = {isa = PBXBuildFile; fileRef = A4B0753124DFDBFB007778A2 /* GameInfo.swift */; };
		A4BA1CEA24D832D600D32ADC /* MainMenuConfigurator.swift in Sources */ = {isa = PBXBuildFile; fileRef = A4BA1CE924D832D600D32ADC /* MainMenuConfigurator.swift */; };
		A4BA1CEC24D8338B00D32ADC /* MainMenuPresenter.swift in Sources */ = {isa = PBXBuildFile; fileRef = A4BA1CEB24D8338B00D32ADC /* MainMenuPresenter.swift */; };
		A4BA1CEE24D8347300D32ADC /* MainMenuInteractor.swift in Sources */ = {isa = PBXBuildFile; fileRef = A4BA1CED24D8347300D32ADC /* MainMenuInteractor.swift */; };
		A4BA1CF024D835DE00D32ADC /* MainMenuRouter.swift in Sources */ = {isa = PBXBuildFile; fileRef = A4BA1CEF24D835DE00D32ADC /* MainMenuRouter.swift */; };
		A4BA1CF324D84C4B00D32ADC /* MenuItem.swift in Sources */ = {isa = PBXBuildFile; fileRef = A4BA1CF224D84C4B00D32ADC /* MenuItem.swift */; };
		A4BA1CF524D8874C00D32ADC /* AlertExtensions.swift in Sources */ = {isa = PBXBuildFile; fileRef = A4BA1CF424D8874C00D32ADC /* AlertExtensions.swift */; };
		A4C9D81324EA78BB00523688 /* RatingCell.swift in Sources */ = {isa = PBXBuildFile; fileRef = A4C9D81224EA78BB00523688 /* RatingCell.swift */; };
		A4CC5FC124DACE0E0042B41C /* ShopInteractor.swift in Sources */ = {isa = PBXBuildFile; fileRef = A4CC5FC024DACE0E0042B41C /* ShopInteractor.swift */; };
		A4CC5FC324DACE1A0042B41C /* ShopPresenter.swift in Sources */ = {isa = PBXBuildFile; fileRef = A4CC5FC224DACE1A0042B41C /* ShopPresenter.swift */; };
		A4CC5FC524DACE230042B41C /* ShopRouter.swift in Sources */ = {isa = PBXBuildFile; fileRef = A4CC5FC424DACE230042B41C /* ShopRouter.swift */; };
		A4CC5FC724DACE2D0042B41C /* ShopConfigurator.swift in Sources */ = {isa = PBXBuildFile; fileRef = A4CC5FC624DACE2D0042B41C /* ShopConfigurator.swift */; };
		A4CC5FEE24DAEA840042B41C /* NavigationBar.xib in Resources */ = {isa = PBXBuildFile; fileRef = A4CC5FED24DAEA840042B41C /* NavigationBar.xib */; };
		A4CC5FF024DAF7300042B41C /* NavigationBar.swift in Sources */ = {isa = PBXBuildFile; fileRef = A4CC5FEF24DAF7300042B41C /* NavigationBar.swift */; };
		A4CC5FF224DAFECF0042B41C /* VCExtensions.swift in Sources */ = {isa = PBXBuildFile; fileRef = A4CC5FF124DAFECF0042B41C /* VCExtensions.swift */; };
		A4DAF73624DD862500963C15 /* Gilroy-Bold.ttf in Resources */ = {isa = PBXBuildFile; fileRef = A4DAF73524DD862500963C15 /* Gilroy-Bold.ttf */; };
		A4DAF73924DD987F00963C15 /* MenuProfileCell.swift in Sources */ = {isa = PBXBuildFile; fileRef = A4DAF73724DD987F00963C15 /* MenuProfileCell.swift */; };
		A4DAF73A24DD987F00963C15 /* MenuProfileCell.xib in Resources */ = {isa = PBXBuildFile; fileRef = A4DAF73824DD987F00963C15 /* MenuProfileCell.xib */; };
		A4DAF73C24DD9BF400963C15 /* Gilroy-SemiBold.ttf in Resources */ = {isa = PBXBuildFile; fileRef = A4DAF73B24DD9BF400963C15 /* Gilroy-SemiBold.ttf */; };
		A4DAF73F24DDABFF00963C15 /* WarmupCell.swift in Sources */ = {isa = PBXBuildFile; fileRef = A4DAF73D24DDABFF00963C15 /* WarmupCell.swift */; };
		A4DAF74024DDABFF00963C15 /* WarmupCell.xib in Resources */ = {isa = PBXBuildFile; fileRef = A4DAF73E24DDABFF00963C15 /* WarmupCell.xib */; };
		A4DAF74324DDBAFE00963C15 /* MenuHomeGameCell.swift in Sources */ = {isa = PBXBuildFile; fileRef = A4DAF74124DDBAFE00963C15 /* MenuHomeGameCell.swift */; };
		A4DAF74424DDBAFE00963C15 /* MenuHomeGameCell.xib in Resources */ = {isa = PBXBuildFile; fileRef = A4DAF74224DDBAFE00963C15 /* MenuHomeGameCell.xib */; };
		A4DAF74724DDCCAD00963C15 /* MenuRatingCell.swift in Sources */ = {isa = PBXBuildFile; fileRef = A4DAF74524DDCCAD00963C15 /* MenuRatingCell.swift */; };
		A4DAF74824DDCCAD00963C15 /* MenuRatingCell.xib in Resources */ = {isa = PBXBuildFile; fileRef = A4DAF74624DDCCAD00963C15 /* MenuRatingCell.xib */; };
		A4FFA4A924F39F26006A1150 /* GameOrderCellProtocol.swift in Sources */ = {isa = PBXBuildFile; fileRef = A4FFA4A824F39F26006A1150 /* GameOrderCellProtocol.swift */; };
		A4FFA4AB24F3AB1A006A1150 /* GameOrderCellDelegates.swift in Sources */ = {isa = PBXBuildFile; fileRef = A4FFA4AA24F3AB1A006A1150 /* GameOrderCellDelegates.swift */; };
		A4FFA4AD24F3AE78006A1150 /* MapExtensions.swift in Sources */ = {isa = PBXBuildFile; fileRef = A4FFA4AC24F3AE78006A1150 /* MapExtensions.swift */; };
		A4FFA4AF24F3BD73006A1150 /* RegisterForm.swift in Sources */ = {isa = PBXBuildFile; fileRef = A4FFA4AE24F3BD73006A1150 /* RegisterForm.swift */; };
		A4FFA4B124F3BE2A006A1150 /* PaymentType.swift in Sources */ = {isa = PBXBuildFile; fileRef = A4FFA4B024F3BE2A006A1150 /* PaymentType.swift */; };
/* End PBXBuildFile section */

/* Begin PBXFileReference section */
		A40B757B24D9A744006DB7D1 /* ScheduleInteractor.swift */ = {isa = PBXFileReference; lastKnownFileType = sourcecode.swift; path = ScheduleInteractor.swift; sourceTree = "<group>"; };
		A40B757D24D9A750006DB7D1 /* SchedulePresenter.swift */ = {isa = PBXFileReference; lastKnownFileType = sourcecode.swift; path = SchedulePresenter.swift; sourceTree = "<group>"; };
		A40B757F24D9A75A006DB7D1 /* ScheduleRouter.swift */ = {isa = PBXFileReference; lastKnownFileType = sourcecode.swift; path = ScheduleRouter.swift; sourceTree = "<group>"; };
		A40B758124D9A76F006DB7D1 /* ScheduleConfigurator.swift */ = {isa = PBXFileReference; lastKnownFileType = sourcecode.swift; path = ScheduleConfigurator.swift; sourceTree = "<group>"; };
		A40B758324D9A7CD006DB7D1 /* WarmupInteractor.swift */ = {isa = PBXFileReference; lastKnownFileType = sourcecode.swift; path = WarmupInteractor.swift; sourceTree = "<group>"; };
		A40B758524D9A7F6006DB7D1 /* WarmupPresenter.swift */ = {isa = PBXFileReference; lastKnownFileType = sourcecode.swift; path = WarmupPresenter.swift; sourceTree = "<group>"; };
		A40B758724D9A7FD006DB7D1 /* WarmupRouter.swift */ = {isa = PBXFileReference; lastKnownFileType = sourcecode.swift; path = WarmupRouter.swift; sourceTree = "<group>"; };
		A40B758924D9A806006DB7D1 /* WarmupConfigurator.swift */ = {isa = PBXFileReference; lastKnownFileType = sourcecode.swift; path = WarmupConfigurator.swift; sourceTree = "<group>"; };
		A40B758B24D9A81A006DB7D1 /* HomeGameInteractor.swift */ = {isa = PBXFileReference; lastKnownFileType = sourcecode.swift; path = HomeGameInteractor.swift; sourceTree = "<group>"; };
		A40B758D24D9A820006DB7D1 /* HomeGamePresenter.swift */ = {isa = PBXFileReference; lastKnownFileType = sourcecode.swift; path = HomeGamePresenter.swift; sourceTree = "<group>"; };
		A40B758F24D9A829006DB7D1 /* HomeGameRouter.swift */ = {isa = PBXFileReference; lastKnownFileType = sourcecode.swift; path = HomeGameRouter.swift; sourceTree = "<group>"; };
		A40B759124D9A836006DB7D1 /* HomeGameConfigurator.swift */ = {isa = PBXFileReference; lastKnownFileType = sourcecode.swift; path = HomeGameConfigurator.swift; sourceTree = "<group>"; };
		A40B759324D9A845006DB7D1 /* ProfileInteractor.swift */ = {isa = PBXFileReference; lastKnownFileType = sourcecode.swift; path = ProfileInteractor.swift; sourceTree = "<group>"; };
		A40B759524D9A84C006DB7D1 /* ProfilePresenter.swift */ = {isa = PBXFileReference; lastKnownFileType = sourcecode.swift; path = ProfilePresenter.swift; sourceTree = "<group>"; };
		A40B759724D9A852006DB7D1 /* ProfileRouter.swift */ = {isa = PBXFileReference; lastKnownFileType = sourcecode.swift; path = ProfileRouter.swift; sourceTree = "<group>"; };
		A40B759924D9A85B006DB7D1 /* ProfileConfigurator.swift */ = {isa = PBXFileReference; lastKnownFileType = sourcecode.swift; path = ProfileConfigurator.swift; sourceTree = "<group>"; };
		A40B759B24D9A868006DB7D1 /* RatingInteractor.swift */ = {isa = PBXFileReference; lastKnownFileType = sourcecode.swift; path = RatingInteractor.swift; sourceTree = "<group>"; };
		A40B759D24D9A86E006DB7D1 /* RatingPresenter.swift */ = {isa = PBXFileReference; lastKnownFileType = sourcecode.swift; path = RatingPresenter.swift; sourceTree = "<group>"; };
		A40B759F24D9A875006DB7D1 /* RatingRouter.swift */ = {isa = PBXFileReference; lastKnownFileType = sourcecode.swift; path = RatingRouter.swift; sourceTree = "<group>"; };
		A40B75A124D9A880006DB7D1 /* RatingConfigurator.swift */ = {isa = PBXFileReference; lastKnownFileType = sourcecode.swift; path = RatingConfigurator.swift; sourceTree = "<group>"; };
		A40D815624D2C6C1006D2CE3 /* QuizPlease.app */ = {isa = PBXFileReference; explicitFileType = wrapper.application; includeInIndex = 0; path = QuizPlease.app; sourceTree = BUILT_PRODUCTS_DIR; };
		A40D815924D2C6C1006D2CE3 /* AppDelegate.swift */ = {isa = PBXFileReference; lastKnownFileType = sourcecode.swift; path = AppDelegate.swift; sourceTree = "<group>"; };
		A40D815B24D2C6C1006D2CE3 /* SceneDelegate.swift */ = {isa = PBXFileReference; lastKnownFileType = sourcecode.swift; path = SceneDelegate.swift; sourceTree = "<group>"; };
		A40D816224D2C6C2006D2CE3 /* Assets.xcassets */ = {isa = PBXFileReference; lastKnownFileType = folder.assetcatalog; path = Assets.xcassets; sourceTree = "<group>"; };
		A40D816524D2C6C2006D2CE3 /* Base */ = {isa = PBXFileReference; lastKnownFileType = file.storyboard; name = Base; path = Base.lproj/LaunchScreen.storyboard; sourceTree = "<group>"; };
		A40D816724D2C6C2006D2CE3 /* Info.plist */ = {isa = PBXFileReference; lastKnownFileType = text.plist.xml; path = Info.plist; sourceTree = "<group>"; };
		A40D817924D2C9E6006D2CE3 /* MainMenuVC.swift */ = {isa = PBXFileReference; lastKnownFileType = sourcecode.swift; path = MainMenuVC.swift; sourceTree = "<group>"; };
		A40D817B24D2CA04006D2CE3 /* ScheduleVC.swift */ = {isa = PBXFileReference; lastKnownFileType = sourcecode.swift; path = ScheduleVC.swift; sourceTree = "<group>"; };
		A40D817D24D2CA1A006D2CE3 /* WarmupVC.swift */ = {isa = PBXFileReference; lastKnownFileType = sourcecode.swift; path = WarmupVC.swift; sourceTree = "<group>"; };
		A40D817F24D2CA26006D2CE3 /* HomeGamesListVC.swift */ = {isa = PBXFileReference; lastKnownFileType = sourcecode.swift; path = HomeGamesListVC.swift; sourceTree = "<group>"; };
		A40D818124D2CA30006D2CE3 /* ProfileVC.swift */ = {isa = PBXFileReference; lastKnownFileType = sourcecode.swift; path = ProfileVC.swift; sourceTree = "<group>"; };
		A40D818324D2CA39006D2CE3 /* RatingVC.swift */ = {isa = PBXFileReference; lastKnownFileType = sourcecode.swift; path = RatingVC.swift; sourceTree = "<group>"; };
		A40D818524D2CA44006D2CE3 /* ShopVC.swift */ = {isa = PBXFileReference; lastKnownFileType = sourcecode.swift; path = ShopVC.swift; sourceTree = "<group>"; };
		A40D818824D2D24C006D2CE3 /* ScheduleCell.swift */ = {isa = PBXFileReference; lastKnownFileType = sourcecode.swift; path = ScheduleCell.swift; sourceTree = "<group>"; };
		A40D818924D2D24C006D2CE3 /* ScheduleCell.xib */ = {isa = PBXFileReference; lastKnownFileType = file.xib; path = ScheduleCell.xib; sourceTree = "<group>"; };
		A40F035B24D412D700C381F2 /* ShopItemCell.swift */ = {isa = PBXFileReference; lastKnownFileType = sourcecode.swift; path = ShopItemCell.swift; sourceTree = "<group>"; };
		A40F036124D4187800C381F2 /* UIKitExtensions.swift */ = {isa = PBXFileReference; lastKnownFileType = sourcecode.swift; path = UIKitExtensions.swift; sourceTree = "<group>"; };
		A40F036324D419D200C381F2 /* MenuCellItemProtocol.swift */ = {isa = PBXFileReference; lastKnownFileType = sourcecode.swift; path = MenuCellItemProtocol.swift; sourceTree = "<group>"; };
		A4147AD624E5B92D007C131F /* Place.swift */ = {isa = PBXFileReference; lastKnownFileType = sourcecode.swift; path = Place.swift; sourceTree = "<group>"; };
		A4147AD824E5BAF9007C131F /* MapService.swift */ = {isa = PBXFileReference; fileEncoding = 4; lastKnownFileType = sourcecode.swift; path = MapService.swift; sourceTree = "<group>"; };
		A419F2F124F003C9004A7997 /* ScalingButton.swift */ = {isa = PBXFileReference; lastKnownFileType = sourcecode.swift; path = ScalingButton.swift; sourceTree = "<group>"; };
		A423AC1A24EE864000071E68 /* ProfileCell.swift */ = {isa = PBXFileReference; lastKnownFileType = sourcecode.swift; path = ProfileCell.swift; sourceTree = "<group>"; };
		A423AC1C24EE971100071E68 /* ShopItem.swift */ = {isa = PBXFileReference; lastKnownFileType = sourcecode.swift; path = ShopItem.swift; sourceTree = "<group>"; };
		A423AC2124EEBCD600071E68 /* FiltersVC.swift */ = {isa = PBXFileReference; lastKnownFileType = sourcecode.swift; path = FiltersVC.swift; sourceTree = "<group>"; };
		A423AC2324EEC65100071E68 /* ConfirmVC.swift */ = {isa = PBXFileReference; lastKnownFileType = sourcecode.swift; path = ConfirmVC.swift; sourceTree = "<group>"; };
		A42527C124F06E9300E3FBD4 /* GameFirstPlayCell.swift */ = {isa = PBXFileReference; lastKnownFileType = sourcecode.swift; path = GameFirstPlayCell.swift; sourceTree = "<group>"; };
		A42527C224F06E9300E3FBD4 /* GameFirstPlayCell.xib */ = {isa = PBXFileReference; lastKnownFileType = file.xib; path = GameFirstPlayCell.xib; sourceTree = "<group>"; };
		A445E34724DE02BC0070B9FC /* TitleLabel.swift */ = {isa = PBXFileReference; lastKnownFileType = sourcecode.swift; path = TitleLabel.swift; sourceTree = "<group>"; };
		A44C697524EFD45300AB3BC9 /* QRCodeService.swift */ = {isa = PBXFileReference; lastKnownFileType = sourcecode.swift; path = QRCodeService.swift; sourceTree = "<group>"; };
		A44C697724EFE06000AB3BC9 /* QRScannerVC.swift */ = {isa = PBXFileReference; lastKnownFileType = sourcecode.swift; path = QRScannerVC.swift; sourceTree = "<group>"; };
		A44C697A24EFE70B00AB3BC9 /* RouterProtocol.swift */ = {isa = PBXFileReference; lastKnownFileType = sourcecode.swift; path = RouterProtocol.swift; sourceTree = "<group>"; };
		A450E39424E559CD00C49AEE /* TitledTextFieldView.xib */ = {isa = PBXFileReference; fileEncoding = 4; lastKnownFileType = file.xib; path = TitledTextFieldView.xib; sourceTree = "<group>"; };
		A450E39524E559CD00C49AEE /* TitledTextFieldView.swift */ = {isa = PBXFileReference; fileEncoding = 4; lastKnownFileType = sourcecode.swift; path = TitledTextFieldView.swift; sourceTree = "<group>"; };
		A450E39824E564A900C49AEE /* GameCertificateCell.swift */ = {isa = PBXFileReference; lastKnownFileType = sourcecode.swift; path = GameCertificateCell.swift; sourceTree = "<group>"; };
		A450E39924E564A900C49AEE /* GameCertificateCell.xib */ = {isa = PBXFileReference; lastKnownFileType = file.xib; path = GameCertificateCell.xib; sourceTree = "<group>"; };
		A450E39C24E571C900C49AEE /* GameOrderPresenter.swift */ = {isa = PBXFileReference; lastKnownFileType = sourcecode.swift; path = GameOrderPresenter.swift; sourceTree = "<group>"; };
		A450E39E24E5729200C49AEE /* GameOrderConfigurator.swift */ = {isa = PBXFileReference; lastKnownFileType = sourcecode.swift; path = GameOrderConfigurator.swift; sourceTree = "<group>"; };
		A450E3A024E5732200C49AEE /* GameOrderInteractor.swift */ = {isa = PBXFileReference; lastKnownFileType = sourcecode.swift; path = GameOrderInteractor.swift; sourceTree = "<group>"; };
		A450E3A224E5735400C49AEE /* GameOrderRouter.swift */ = {isa = PBXFileReference; lastKnownFileType = sourcecode.swift; path = GameOrderRouter.swift; sourceTree = "<group>"; };
		A450E3A424E57A8C00C49AEE /* GameInfoItemKind.swift */ = {isa = PBXFileReference; lastKnownFileType = sourcecode.swift; path = GameInfoItemKind.swift; sourceTree = "<group>"; };
		A452E3B024D428DA002EE514 /* ShopItemCell.xib */ = {isa = PBXFileReference; lastKnownFileType = file.xib; path = ShopItemCell.xib; sourceTree = "<group>"; };
		A452E3B324D431C5002EE514 /* DataTypesExtensions.swift */ = {isa = PBXFileReference; lastKnownFileType = sourcecode.swift; path = DataTypesExtensions.swift; sourceTree = "<group>"; };
		A46436E624EA7B110033F23A /* Gilroy-Heavy.ttf */ = {isa = PBXFileReference; lastKnownFileType = file; path = "Gilroy-Heavy.ttf"; sourceTree = "<group>"; };
		A46436E824EA7E590033F23A /* Team.swift */ = {isa = PBXFileReference; lastKnownFileType = sourcecode.swift; path = Team.swift; sourceTree = "<group>"; };
		A46436EC24EAD24F0033F23A /* HBSegmentedControl.swift */ = {isa = PBXFileReference; lastKnownFileType = sourcecode.swift; path = HBSegmentedControl.swift; sourceTree = "<group>"; };
		A464370024EB37DB0033F23A /* ExpandingHeader.xib */ = {isa = PBXFileReference; fileEncoding = 4; lastKnownFileType = file.xib; path = ExpandingHeader.xib; sourceTree = "<group>"; };
		A464370124EB37DB0033F23A /* ExpandingHeader.swift */ = {isa = PBXFileReference; fileEncoding = 4; lastKnownFileType = sourcecode.swift; path = ExpandingHeader.swift; sourceTree = "<group>"; };
		A464370224EB37DB0033F23A /* ExpandingHeaderTextField.swift */ = {isa = PBXFileReference; fileEncoding = 4; lastKnownFileType = sourcecode.swift; path = ExpandingHeaderTextField.swift; sourceTree = "<group>"; };
		A469F75824E3084D007FB332 /* ScheduleGameCell.swift */ = {isa = PBXFileReference; lastKnownFileType = sourcecode.swift; path = ScheduleGameCell.swift; sourceTree = "<group>"; };
		A46F303424F5284E0062A333 /* GamePaymentTypeCell.swift */ = {isa = PBXFileReference; lastKnownFileType = sourcecode.swift; path = GamePaymentTypeCell.swift; sourceTree = "<group>"; };
		A46F303524F5284E0062A333 /* GamePaymentTypeCell.xib */ = {isa = PBXFileReference; lastKnownFileType = file.xib; path = GamePaymentTypeCell.xib; sourceTree = "<group>"; };
		A46F303824F52CAE0062A333 /* GameOnlinePaymentCell.swift */ = {isa = PBXFileReference; lastKnownFileType = sourcecode.swift; path = GameOnlinePaymentCell.swift; sourceTree = "<group>"; };
		A46F303924F52CAE0062A333 /* GameOnlinePaymentCell.xib */ = {isa = PBXFileReference; lastKnownFileType = file.xib; path = GameOnlinePaymentCell.xib; sourceTree = "<group>"; };
		A46F303C24F5302B0062A333 /* GameSubmitButtonCell.swift */ = {isa = PBXFileReference; lastKnownFileType = sourcecode.swift; path = GameSubmitButtonCell.swift; sourceTree = "<group>"; };
		A46F303D24F5302B0062A333 /* GameSubmitButtonCell.xib */ = {isa = PBXFileReference; lastKnownFileType = file.xib; path = GameSubmitButtonCell.xib; sourceTree = "<group>"; };
		A48A11ED24F55F9500F91B9C /* Main.storyboard */ = {isa = PBXFileReference; fileEncoding = 4; lastKnownFileType = file.storyboard; path = Main.storyboard; sourceTree = "<group>"; };
		A48DFF7424F3EB5000E47095 /* HomeGameVideoVC.swift */ = {isa = PBXFileReference; lastKnownFileType = sourcecode.swift; path = HomeGameVideoVC.swift; sourceTree = "<group>"; };
		A48DFF7624F3EBC400E47095 /* VideoView.xib */ = {isa = PBXFileReference; lastKnownFileType = file.xib; path = VideoView.xib; sourceTree = "<group>"; };
		A48DFF7824F3EBEF00E47095 /* VideoView.swift */ = {isa = PBXFileReference; lastKnownFileType = sourcecode.swift; path = VideoView.swift; sourceTree = "<group>"; };
		A48DFF7A24F4070200E47095 /* HomeGame.swift */ = {isa = PBXFileReference; lastKnownFileType = sourcecode.swift; path = HomeGame.swift; sourceTree = "<group>"; };
		A48DFF7C24F419AC00E47095 /* ShopCompletionVC.swift */ = {isa = PBXFileReference; lastKnownFileType = sourcecode.swift; path = ShopCompletionVC.swift; sourceTree = "<group>"; };
		A498FCCA24E52ED80069F896 /* GameRegisterCell.swift */ = {isa = PBXFileReference; lastKnownFileType = sourcecode.swift; path = GameRegisterCell.swift; sourceTree = "<group>"; };
		A498FCCB24E52ED80069F896 /* GameRegisterCell.xib */ = {isa = PBXFileReference; lastKnownFileType = file.xib; path = GameRegisterCell.xib; sourceTree = "<group>"; };
		A4A0659724E477860080E0D8 /* GameOrderVC.swift */ = {isa = PBXFileReference; lastKnownFileType = sourcecode.swift; path = GameOrderVC.swift; sourceTree = "<group>"; };
		A4A0659B24E477E20080E0D8 /* GameInfoCell.swift */ = {isa = PBXFileReference; lastKnownFileType = sourcecode.swift; path = GameInfoCell.swift; sourceTree = "<group>"; };
		A4A0659C24E477E20080E0D8 /* GameInfoCell.xib */ = {isa = PBXFileReference; lastKnownFileType = file.xib; path = GameInfoCell.xib; sourceTree = "<group>"; };
		A4A065A024E47D1F0080E0D8 /* GameAnnotationCell.swift */ = {isa = PBXFileReference; lastKnownFileType = sourcecode.swift; path = GameAnnotationCell.swift; sourceTree = "<group>"; };
		A4A065A124E47D1F0080E0D8 /* GameAnnotationCell.xib */ = {isa = PBXFileReference; lastKnownFileType = file.xib; path = GameAnnotationCell.xib; sourceTree = "<group>"; };
		A4A065A424E47D460080E0D8 /* TableCellProtocol.swift */ = {isa = PBXFileReference; lastKnownFileType = sourcecode.swift; path = TableCellProtocol.swift; sourceTree = "<group>"; };
		A4A065A624E47E500080E0D8 /* Gilroy-Medium.ttf */ = {isa = PBXFileReference; lastKnownFileType = file; path = "Gilroy-Medium.ttf"; sourceTree = "<group>"; };
		A4A065A824E4812F0080E0D8 /* GameGeneralDescriptionCell.swift */ = {isa = PBXFileReference; lastKnownFileType = sourcecode.swift; path = GameGeneralDescriptionCell.swift; sourceTree = "<group>"; };
		A4A065A924E4812F0080E0D8 /* GameGeneralDescriptionCell.xib */ = {isa = PBXFileReference; lastKnownFileType = file.xib; path = GameGeneralDescriptionCell.xib; sourceTree = "<group>"; };
		A4A5370324EC7691004A10D4 /* UIColorExtensions.swift */ = {isa = PBXFileReference; lastKnownFileType = sourcecode.swift; path = UIColorExtensions.swift; sourceTree = "<group>"; };
		A4A5370624EC7AA6004A10D4 /* HomeGameCell.swift */ = {isa = PBXFileReference; lastKnownFileType = sourcecode.swift; path = HomeGameCell.swift; sourceTree = "<group>"; };
		A4A5370724EC7AA6004A10D4 /* HomeGameCell.xib */ = {isa = PBXFileReference; lastKnownFileType = file.xib; path = HomeGameCell.xib; sourceTree = "<group>"; };
		A4B0753124DFDBFB007778A2 /* GameInfo.swift */ = {isa = PBXFileReference; lastKnownFileType = sourcecode.swift; path = GameInfo.swift; sourceTree = "<group>"; };
		A4BA1CE924D832D600D32ADC /* MainMenuConfigurator.swift */ = {isa = PBXFileReference; lastKnownFileType = sourcecode.swift; path = MainMenuConfigurator.swift; sourceTree = "<group>"; };
		A4BA1CEB24D8338B00D32ADC /* MainMenuPresenter.swift */ = {isa = PBXFileReference; lastKnownFileType = sourcecode.swift; path = MainMenuPresenter.swift; sourceTree = "<group>"; };
		A4BA1CED24D8347300D32ADC /* MainMenuInteractor.swift */ = {isa = PBXFileReference; lastKnownFileType = sourcecode.swift; path = MainMenuInteractor.swift; sourceTree = "<group>"; };
		A4BA1CEF24D835DE00D32ADC /* MainMenuRouter.swift */ = {isa = PBXFileReference; lastKnownFileType = sourcecode.swift; path = MainMenuRouter.swift; sourceTree = "<group>"; };
		A4BA1CF224D84C4B00D32ADC /* MenuItem.swift */ = {isa = PBXFileReference; lastKnownFileType = sourcecode.swift; path = MenuItem.swift; sourceTree = "<group>"; };
		A4BA1CF424D8874C00D32ADC /* AlertExtensions.swift */ = {isa = PBXFileReference; lastKnownFileType = sourcecode.swift; path = AlertExtensions.swift; sourceTree = "<group>"; };
		A4C9D81224EA78BB00523688 /* RatingCell.swift */ = {isa = PBXFileReference; lastKnownFileType = sourcecode.swift; path = RatingCell.swift; sourceTree = "<group>"; };
		A4CC5FC024DACE0E0042B41C /* ShopInteractor.swift */ = {isa = PBXFileReference; lastKnownFileType = sourcecode.swift; path = ShopInteractor.swift; sourceTree = "<group>"; };
		A4CC5FC224DACE1A0042B41C /* ShopPresenter.swift */ = {isa = PBXFileReference; lastKnownFileType = sourcecode.swift; path = ShopPresenter.swift; sourceTree = "<group>"; };
		A4CC5FC424DACE230042B41C /* ShopRouter.swift */ = {isa = PBXFileReference; lastKnownFileType = sourcecode.swift; path = ShopRouter.swift; sourceTree = "<group>"; };
		A4CC5FC624DACE2D0042B41C /* ShopConfigurator.swift */ = {isa = PBXFileReference; lastKnownFileType = sourcecode.swift; path = ShopConfigurator.swift; sourceTree = "<group>"; };
		A4CC5FED24DAEA840042B41C /* NavigationBar.xib */ = {isa = PBXFileReference; lastKnownFileType = file.xib; path = NavigationBar.xib; sourceTree = "<group>"; };
		A4CC5FEF24DAF7300042B41C /* NavigationBar.swift */ = {isa = PBXFileReference; lastKnownFileType = sourcecode.swift; path = NavigationBar.swift; sourceTree = "<group>"; };
		A4CC5FF124DAFECF0042B41C /* VCExtensions.swift */ = {isa = PBXFileReference; lastKnownFileType = sourcecode.swift; path = VCExtensions.swift; sourceTree = "<group>"; };
		A4DAF73524DD862500963C15 /* Gilroy-Bold.ttf */ = {isa = PBXFileReference; lastKnownFileType = file; path = "Gilroy-Bold.ttf"; sourceTree = "<group>"; };
		A4DAF73724DD987F00963C15 /* MenuProfileCell.swift */ = {isa = PBXFileReference; lastKnownFileType = sourcecode.swift; path = MenuProfileCell.swift; sourceTree = "<group>"; };
		A4DAF73824DD987F00963C15 /* MenuProfileCell.xib */ = {isa = PBXFileReference; lastKnownFileType = file.xib; path = MenuProfileCell.xib; sourceTree = "<group>"; };
		A4DAF73B24DD9BF400963C15 /* Gilroy-SemiBold.ttf */ = {isa = PBXFileReference; lastKnownFileType = file; path = "Gilroy-SemiBold.ttf"; sourceTree = "<group>"; };
		A4DAF73D24DDABFF00963C15 /* WarmupCell.swift */ = {isa = PBXFileReference; lastKnownFileType = sourcecode.swift; path = WarmupCell.swift; sourceTree = "<group>"; };
		A4DAF73E24DDABFF00963C15 /* WarmupCell.xib */ = {isa = PBXFileReference; lastKnownFileType = file.xib; path = WarmupCell.xib; sourceTree = "<group>"; };
		A4DAF74124DDBAFE00963C15 /* MenuHomeGameCell.swift */ = {isa = PBXFileReference; lastKnownFileType = sourcecode.swift; path = MenuHomeGameCell.swift; sourceTree = "<group>"; };
		A4DAF74224DDBAFE00963C15 /* MenuHomeGameCell.xib */ = {isa = PBXFileReference; lastKnownFileType = file.xib; path = MenuHomeGameCell.xib; sourceTree = "<group>"; };
		A4DAF74524DDCCAD00963C15 /* MenuRatingCell.swift */ = {isa = PBXFileReference; lastKnownFileType = sourcecode.swift; path = MenuRatingCell.swift; sourceTree = "<group>"; };
		A4DAF74624DDCCAD00963C15 /* MenuRatingCell.xib */ = {isa = PBXFileReference; lastKnownFileType = file.xib; path = MenuRatingCell.xib; sourceTree = "<group>"; };
		A4FFA4A824F39F26006A1150 /* GameOrderCellProtocol.swift */ = {isa = PBXFileReference; lastKnownFileType = sourcecode.swift; path = GameOrderCellProtocol.swift; sourceTree = "<group>"; };
		A4FFA4AA24F3AB1A006A1150 /* GameOrderCellDelegates.swift */ = {isa = PBXFileReference; lastKnownFileType = sourcecode.swift; path = GameOrderCellDelegates.swift; sourceTree = "<group>"; };
		A4FFA4AC24F3AE78006A1150 /* MapExtensions.swift */ = {isa = PBXFileReference; lastKnownFileType = sourcecode.swift; path = MapExtensions.swift; sourceTree = "<group>"; };
		A4FFA4AE24F3BD73006A1150 /* RegisterForm.swift */ = {isa = PBXFileReference; lastKnownFileType = sourcecode.swift; path = RegisterForm.swift; sourceTree = "<group>"; };
		A4FFA4B024F3BE2A006A1150 /* PaymentType.swift */ = {isa = PBXFileReference; lastKnownFileType = sourcecode.swift; path = PaymentType.swift; sourceTree = "<group>"; };
/* End PBXFileReference section */

/* Begin PBXFrameworksBuildPhase section */
		A40D815324D2C6C1006D2CE3 /* Frameworks */ = {
			isa = PBXFrameworksBuildPhase;
			buildActionMask = 2147483647;
			files = (
				A423AC2024EEBA0600071E68 /* BottomPopup in Frameworks */,
				A4147AD524E596FC007C131F /* IQKeyboardManagerSwift in Frameworks */,
			);
			runOnlyForDeploymentPostprocessing = 0;
		};
/* End PBXFrameworksBuildPhase section */

/* Begin PBXGroup section */
		A40D814D24D2C6C1006D2CE3 = {
			isa = PBXGroup;
			children = (
				A40D815824D2C6C1006D2CE3 /* QuizPlease */,
				A40D815724D2C6C1006D2CE3 /* Products */,
			);
			sourceTree = "<group>";
		};
		A40D815724D2C6C1006D2CE3 /* Products */ = {
			isa = PBXGroup;
			children = (
				A40D815624D2C6C1006D2CE3 /* QuizPlease.app */,
			);
			name = Products;
			sourceTree = "<group>";
		};
		A40D815824D2C6C1006D2CE3 /* QuizPlease */ = {
			isa = PBXGroup;
			children = (
				A40D816724D2C6C2006D2CE3 /* Info.plist */,
				A40D816D24D2C73D006D2CE3 /* AppDelegates */,
				A4CC5FEC24DAEA6C0042B41C /* Shared */,
				A40D818C24D2E3DB006D2CE3 /* Services */,
				A4BA1CF124D83A6900D32ADC /* Modules */,
				A40F036024D4186200C381F2 /* Extensions */,
				A40D816224D2C6C2006D2CE3 /* Assets.xcassets */,
				A4DAF73424DD861800963C15 /* Fonts */,
			);
			path = QuizPlease;
			sourceTree = "<group>";
		};
		A40D816D24D2C73D006D2CE3 /* AppDelegates */ = {
			isa = PBXGroup;
			children = (
				A40D815924D2C6C1006D2CE3 /* AppDelegate.swift */,
				A40D815B24D2C6C1006D2CE3 /* SceneDelegate.swift */,
			);
			path = AppDelegates;
			sourceTree = "<group>";
		};
		A40D816F24D2C767006D2CE3 /* Storyboards */ = {
			isa = PBXGroup;
			children = (
				A48A11ED24F55F9500F91B9C /* Main.storyboard */,
				A40D816424D2C6C2006D2CE3 /* LaunchScreen.storyboard */,
			);
			path = Storyboards;
			sourceTree = "<group>";
		};
		A40D817224D2C95D006D2CE3 /* MainMenu */ = {
			isa = PBXGroup;
			children = (
				A4B828DD24D8318400D77E67 /* View */,
				A4BA1CF224D84C4B00D32ADC /* MenuItem.swift */,
				A4BA1CED24D8347300D32ADC /* MainMenuInteractor.swift */,
				A4BA1CEB24D8338B00D32ADC /* MainMenuPresenter.swift */,
				A4BA1CEF24D835DE00D32ADC /* MainMenuRouter.swift */,
				A4BA1CE924D832D600D32ADC /* MainMenuConfigurator.swift */,
			);
			path = MainMenu;
			sourceTree = "<group>";
		};
		A40D817324D2C963006D2CE3 /* Shop */ = {
			isa = PBXGroup;
			children = (
				A4B828E124D831F500D77E67 /* View */,
				A4CC5FC024DACE0E0042B41C /* ShopInteractor.swift */,
				A4CC5FC224DACE1A0042B41C /* ShopPresenter.swift */,
				A4CC5FC424DACE230042B41C /* ShopRouter.swift */,
				A4CC5FC624DACE2D0042B41C /* ShopConfigurator.swift */,
			);
			path = Shop;
			sourceTree = "<group>";
		};
		A40D817424D2C96B006D2CE3 /* Profile */ = {
			isa = PBXGroup;
			children = (
				A423AC1924EE860200071E68 /* View */,
				A40B759324D9A845006DB7D1 /* ProfileInteractor.swift */,
				A40B759524D9A84C006DB7D1 /* ProfilePresenter.swift */,
				A40B759724D9A852006DB7D1 /* ProfileRouter.swift */,
				A40B759924D9A85B006DB7D1 /* ProfileConfigurator.swift */,
			);
			path = Profile;
			sourceTree = "<group>";
		};
		A40D817524D2C974006D2CE3 /* Rating */ = {
			isa = PBXGroup;
			children = (
				A4C9D81124EA78AA00523688 /* View */,
				A40B759B24D9A868006DB7D1 /* RatingInteractor.swift */,
				A40B759D24D9A86E006DB7D1 /* RatingPresenter.swift */,
				A40B759F24D9A875006DB7D1 /* RatingRouter.swift */,
				A40B75A124D9A880006DB7D1 /* RatingConfigurator.swift */,
			);
			path = Rating;
			sourceTree = "<group>";
		};
		A40D817624D2C97E006D2CE3 /* Schedule */ = {
			isa = PBXGroup;
			children = (
				A4B0753024DFDB33007778A2 /* View */,
				A40B757B24D9A744006DB7D1 /* ScheduleInteractor.swift */,
				A40B757D24D9A750006DB7D1 /* SchedulePresenter.swift */,
				A40B757F24D9A75A006DB7D1 /* ScheduleRouter.swift */,
				A40B758124D9A76F006DB7D1 /* ScheduleConfigurator.swift */,
			);
			path = Schedule;
			sourceTree = "<group>";
		};
		A40D817724D2C98A006D2CE3 /* HomeGame */ = {
			isa = PBXGroup;
			children = (
				A4A5370524EC7706004A10D4 /* View */,
				A40B758B24D9A81A006DB7D1 /* HomeGameInteractor.swift */,
				A40B758D24D9A820006DB7D1 /* HomeGamePresenter.swift */,
				A40B758F24D9A829006DB7D1 /* HomeGameRouter.swift */,
				A40B759124D9A836006DB7D1 /* HomeGameConfigurator.swift */,
			);
			path = HomeGame;
			sourceTree = "<group>";
		};
		A40D817824D2C99D006D2CE3 /* WarmUp */ = {
			isa = PBXGroup;
			children = (
				A4E1CFF424F14CF5000F0B22 /* View */,
				A40B758324D9A7CD006DB7D1 /* WarmupInteractor.swift */,
				A40B758524D9A7F6006DB7D1 /* WarmupPresenter.swift */,
				A40B758724D9A7FD006DB7D1 /* WarmupRouter.swift */,
				A40B758924D9A806006DB7D1 /* WarmupConfigurator.swift */,
			);
			path = WarmUp;
			sourceTree = "<group>";
		};
		A40D818C24D2E3DB006D2CE3 /* Services */ = {
			isa = PBXGroup;
			children = (
				A4147AD824E5BAF9007C131F /* MapService.swift */,
				A44C697524EFD45300AB3BC9 /* QRCodeService.swift */,
			);
			path = Services;
			sourceTree = "<group>";
		};
		A40F036024D4186200C381F2 /* Extensions */ = {
			isa = PBXGroup;
			children = (
				A4A5370324EC7691004A10D4 /* UIColorExtensions.swift */,
				A40F036124D4187800C381F2 /* UIKitExtensions.swift */,
				A452E3B324D431C5002EE514 /* DataTypesExtensions.swift */,
				A4BA1CF424D8874C00D32ADC /* AlertExtensions.swift */,
				A4CC5FF124DAFECF0042B41C /* VCExtensions.swift */,
				A4FFA4AC24F3AE78006A1150 /* MapExtensions.swift */,
			);
			path = Extensions;
			sourceTree = "<group>";
		};
		A423AC1924EE860200071E68 /* View */ = {
			isa = PBXGroup;
			children = (
				A40D818124D2CA30006D2CE3 /* ProfileVC.swift */,
				A423AC1A24EE864000071E68 /* ProfileCell.swift */,
			);
			path = View;
			sourceTree = "<group>";
		};
		A445E34624DE02A20070B9FC /* View */ = {
			isa = PBXGroup;
			children = (
				A4CC5FED24DAEA840042B41C /* NavigationBar.xib */,
				A4CC5FEF24DAF7300042B41C /* NavigationBar.swift */,
				A445E34724DE02BC0070B9FC /* TitleLabel.swift */,
				A450E39524E559CD00C49AEE /* TitledTextFieldView.swift */,
				A450E39424E559CD00C49AEE /* TitledTextFieldView.xib */,
				A46436EC24EAD24F0033F23A /* HBSegmentedControl.swift */,
				A44C697724EFE06000AB3BC9 /* QRScannerVC.swift */,
				A419F2F124F003C9004A7997 /* ScalingButton.swift */,
				A48DFF7624F3EBC400E47095 /* VideoView.xib */,
				A48DFF7824F3EBEF00E47095 /* VideoView.swift */,
			);
			path = View;
			sourceTree = "<group>";
		};
		A44C697924EFE6E000AB3BC9 /* Protocols */ = {
			isa = PBXGroup;
			children = (
				A4A065A424E47D460080E0D8 /* TableCellProtocol.swift */,
				A44C697A24EFE70B00AB3BC9 /* RouterProtocol.swift */,
			);
			path = Protocols;
			sourceTree = "<group>";
		};
		A46436FF24EB37DB0033F23A /* ExpandingHeader */ = {
			isa = PBXGroup;
			children = (
				A464370024EB37DB0033F23A /* ExpandingHeader.xib */,
				A464370124EB37DB0033F23A /* ExpandingHeader.swift */,
				A464370224EB37DB0033F23A /* ExpandingHeaderTextField.swift */,
			);
			path = ExpandingHeader;
			sourceTree = "<group>";
		};
		A4A0659524E4775E0080E0D8 /* GameOrder */ = {
			isa = PBXGroup;
			children = (
				A4A0659624E477720080E0D8 /* View */,
				A450E3A024E5732200C49AEE /* GameOrderInteractor.swift */,
				A450E39C24E571C900C49AEE /* GameOrderPresenter.swift */,
				A450E3A224E5735400C49AEE /* GameOrderRouter.swift */,
				A450E39E24E5729200C49AEE /* GameOrderConfigurator.swift */,
			);
			path = GameOrder;
			sourceTree = "<group>";
		};
		A4A0659624E477720080E0D8 /* View */ = {
			isa = PBXGroup;
			children = (
				A4A0659724E477860080E0D8 /* GameOrderVC.swift */,
				A4FFA4AA24F3AB1A006A1150 /* GameOrderCellDelegates.swift */,
				A450E3A424E57A8C00C49AEE /* GameInfoItemKind.swift */,
				A4A0659F24E477E70080E0D8 /* Cells */,
			);
			path = View;
			sourceTree = "<group>";
		};
		A4A0659F24E477E70080E0D8 /* Cells */ = {
			isa = PBXGroup;
			children = (
				A4FFA4A824F39F26006A1150 /* GameOrderCellProtocol.swift */,
				A4A065A024E47D1F0080E0D8 /* GameAnnotationCell.swift */,
				A4A065A124E47D1F0080E0D8 /* GameAnnotationCell.xib */,
				A4A0659B24E477E20080E0D8 /* GameInfoCell.swift */,
				A4A0659C24E477E20080E0D8 /* GameInfoCell.xib */,
				A4A065A824E4812F0080E0D8 /* GameGeneralDescriptionCell.swift */,
				A4A065A924E4812F0080E0D8 /* GameGeneralDescriptionCell.xib */,
				A498FCCA24E52ED80069F896 /* GameRegisterCell.swift */,
				A498FCCB24E52ED80069F896 /* GameRegisterCell.xib */,
				A450E39824E564A900C49AEE /* GameCertificateCell.swift */,
				A450E39924E564A900C49AEE /* GameCertificateCell.xib */,
				A42527C124F06E9300E3FBD4 /* GameFirstPlayCell.swift */,
				A42527C224F06E9300E3FBD4 /* GameFirstPlayCell.xib */,
				A46F303424F5284E0062A333 /* GamePaymentTypeCell.swift */,
				A46F303524F5284E0062A333 /* GamePaymentTypeCell.xib */,
				A46F303824F52CAE0062A333 /* GameOnlinePaymentCell.swift */,
				A46F303924F52CAE0062A333 /* GameOnlinePaymentCell.xib */,
				A46F303C24F5302B0062A333 /* GameSubmitButtonCell.swift */,
				A46F303D24F5302B0062A333 /* GameSubmitButtonCell.xib */,
			);
			path = Cells;
			sourceTree = "<group>";
		};
		A4A5370524EC7706004A10D4 /* View */ = {
			isa = PBXGroup;
			children = (
				A40D817F24D2CA26006D2CE3 /* HomeGamesListVC.swift */,
				A4A5370624EC7AA6004A10D4 /* HomeGameCell.swift */,
				A4A5370724EC7AA6004A10D4 /* HomeGameCell.xib */,
				A48DFF7424F3EB5000E47095 /* HomeGameVideoVC.swift */,
			);
			path = View;
			sourceTree = "<group>";
		};
		A4B0753024DFDB33007778A2 /* View */ = {
			isa = PBXGroup;
			children = (
				A40D817B24D2CA04006D2CE3 /* ScheduleVC.swift */,
				A469F75824E3084D007FB332 /* ScheduleGameCell.swift */,
				A423AC2124EEBCD600071E68 /* FiltersVC.swift */,
			);
			path = View;
			sourceTree = "<group>";
		};
		A4B828DD24D8318400D77E67 /* View */ = {
			isa = PBXGroup;
			children = (
				A40D817924D2C9E6006D2CE3 /* MainMenuVC.swift */,
				A4DAF73324DD80CB00963C15 /* Cells */,
			);
			path = View;
			sourceTree = "<group>";
		};
		A4B828E124D831F500D77E67 /* View */ = {
			isa = PBXGroup;
			children = (
				A40D818524D2CA44006D2CE3 /* ShopVC.swift */,
				A40F035B24D412D700C381F2 /* ShopItemCell.swift */,
				A452E3B024D428DA002EE514 /* ShopItemCell.xib */,
				A423AC2324EEC65100071E68 /* ConfirmVC.swift */,
				A48DFF7C24F419AC00E47095 /* ShopCompletionVC.swift */,
			);
			path = View;
			sourceTree = "<group>";
		};
		A4B828E224D8322B00D77E67 /* Entity */ = {
			isa = PBXGroup;
			children = (
				A4B0753124DFDBFB007778A2 /* GameInfo.swift */,
				A4147AD624E5B92D007C131F /* Place.swift */,
				A46436E824EA7E590033F23A /* Team.swift */,
				A423AC1C24EE971100071E68 /* ShopItem.swift */,
				A4FFA4AE24F3BD73006A1150 /* RegisterForm.swift */,
				A4FFA4B024F3BE2A006A1150 /* PaymentType.swift */,
				A48DFF7A24F4070200E47095 /* HomeGame.swift */,
			);
			path = Entity;
			sourceTree = "<group>";
		};
		A4BA1CF124D83A6900D32ADC /* Modules */ = {
			isa = PBXGroup;
			children = (
				A40D817224D2C95D006D2CE3 /* MainMenu */,
				A40D817624D2C97E006D2CE3 /* Schedule */,
				A4A0659524E4775E0080E0D8 /* GameOrder */,
				A40D817824D2C99D006D2CE3 /* WarmUp */,
				A40D817724D2C98A006D2CE3 /* HomeGame */,
				A40D817424D2C96B006D2CE3 /* Profile */,
				A40D817524D2C974006D2CE3 /* Rating */,
				A40D817324D2C963006D2CE3 /* Shop */,
			);
			path = Modules;
			sourceTree = "<group>";
		};
		A4C9D81124EA78AA00523688 /* View */ = {
			isa = PBXGroup;
			children = (
				A40D818324D2CA39006D2CE3 /* RatingVC.swift */,
				A4C9D81224EA78BB00523688 /* RatingCell.swift */,
				A46436FF24EB37DB0033F23A /* ExpandingHeader */,
			);
			path = View;
			sourceTree = "<group>";
		};
		A4CC5FEC24DAEA6C0042B41C /* Shared */ = {
			isa = PBXGroup;
			children = (
				A40D816F24D2C767006D2CE3 /* Storyboards */,
				A445E34624DE02A20070B9FC /* View */,
				A4B828E224D8322B00D77E67 /* Entity */,
				A44C697924EFE6E000AB3BC9 /* Protocols */,
			);
			path = Shared;
			sourceTree = "<group>";
		};
		A4DAF73324DD80CB00963C15 /* Cells */ = {
			isa = PBXGroup;
			children = (
				A40F036324D419D200C381F2 /* MenuCellItemProtocol.swift */,
				A40D818824D2D24C006D2CE3 /* ScheduleCell.swift */,
				A40D818924D2D24C006D2CE3 /* ScheduleCell.xib */,
				A4DAF73724DD987F00963C15 /* MenuProfileCell.swift */,
				A4DAF73824DD987F00963C15 /* MenuProfileCell.xib */,
				A4DAF73D24DDABFF00963C15 /* WarmupCell.swift */,
				A4DAF73E24DDABFF00963C15 /* WarmupCell.xib */,
				A4DAF74124DDBAFE00963C15 /* MenuHomeGameCell.swift */,
				A4DAF74224DDBAFE00963C15 /* MenuHomeGameCell.xib */,
				A4DAF74524DDCCAD00963C15 /* MenuRatingCell.swift */,
				A4DAF74624DDCCAD00963C15 /* MenuRatingCell.xib */,
			);
			path = Cells;
			sourceTree = "<group>";
		};
		A4DAF73424DD861800963C15 /* Fonts */ = {
			isa = PBXGroup;
			children = (
				A46436E624EA7B110033F23A /* Gilroy-Heavy.ttf */,
				A4A065A624E47E500080E0D8 /* Gilroy-Medium.ttf */,
				A4DAF73B24DD9BF400963C15 /* Gilroy-SemiBold.ttf */,
				A4DAF73524DD862500963C15 /* Gilroy-Bold.ttf */,
			);
			path = Fonts;
			sourceTree = "<group>";
		};
		A4E1CFF424F14CF5000F0B22 /* View */ = {
			isa = PBXGroup;
			children = (
				A40D817D24D2CA1A006D2CE3 /* WarmupVC.swift */,
			);
			path = View;
			sourceTree = "<group>";
		};
/* End PBXGroup section */

/* Begin PBXNativeTarget section */
		A40D815524D2C6C1006D2CE3 /* QuizPlease */ = {
			isa = PBXNativeTarget;
			buildConfigurationList = A40D816A24D2C6C2006D2CE3 /* Build configuration list for PBXNativeTarget "QuizPlease" */;
			buildPhases = (
				A40D815224D2C6C1006D2CE3 /* Sources */,
				A40D815324D2C6C1006D2CE3 /* Frameworks */,
				A40D815424D2C6C1006D2CE3 /* Resources */,
			);
			buildRules = (
			);
			dependencies = (
			);
			name = QuizPlease;
			packageProductDependencies = (
				A4147AD424E596FC007C131F /* IQKeyboardManagerSwift */,
				A423AC1F24EEBA0600071E68 /* BottomPopup */,
			);
			productName = QuizPlease;
			productReference = A40D815624D2C6C1006D2CE3 /* QuizPlease.app */;
			productType = "com.apple.product-type.application";
		};
/* End PBXNativeTarget section */

/* Begin PBXProject section */
		A40D814E24D2C6C1006D2CE3 /* Project object */ = {
			isa = PBXProject;
			attributes = {
				LastSwiftUpdateCheck = 1160;
				LastUpgradeCheck = 1160;
				ORGANIZATIONNAME = "Владислав";
				TargetAttributes = {
					A40D815524D2C6C1006D2CE3 = {
						CreatedOnToolsVersion = 11.6;
					};
				};
			};
			buildConfigurationList = A40D815124D2C6C1006D2CE3 /* Build configuration list for PBXProject "QuizPlease" */;
			compatibilityVersion = "Xcode 9.3";
			developmentRegion = en;
			hasScannedForEncodings = 0;
			knownRegions = (
				en,
				Base,
			);
			mainGroup = A40D814D24D2C6C1006D2CE3;
			packageReferences = (
				A4147AD324E596FC007C131F /* XCRemoteSwiftPackageReference "IQKeyboardManager" */,
				A423AC1E24EEBA0600071E68 /* XCRemoteSwiftPackageReference "BottomPopup" */,
			);
			productRefGroup = A40D815724D2C6C1006D2CE3 /* Products */;
			projectDirPath = "";
			projectRoot = "";
			targets = (
				A40D815524D2C6C1006D2CE3 /* QuizPlease */,
			);
		};
/* End PBXProject section */

/* Begin PBXResourcesBuildPhase section */
		A40D815424D2C6C1006D2CE3 /* Resources */ = {
			isa = PBXResourcesBuildPhase;
			buildActionMask = 2147483647;
			files = (
				A450E39624E559CD00C49AEE /* TitledTextFieldView.xib in Resources */,
				A40D816624D2C6C2006D2CE3 /* LaunchScreen.storyboard in Resources */,
				A4DAF73C24DD9BF400963C15 /* Gilroy-SemiBold.ttf in Resources */,
				A4A065A324E47D1F0080E0D8 /* GameAnnotationCell.xib in Resources */,
				A464370324EB37DB0033F23A /* ExpandingHeader.xib in Resources */,
				A46F303B24F52CAE0062A333 /* GameOnlinePaymentCell.xib in Resources */,
				A48A11EE24F55F9500F91B9C /* Main.storyboard in Resources */,
				A46436E724EA7B120033F23A /* Gilroy-Heavy.ttf in Resources */,
				A4DAF73A24DD987F00963C15 /* MenuProfileCell.xib in Resources */,
				A40D816324D2C6C2006D2CE3 /* Assets.xcassets in Resources */,
				A4DAF74824DDCCAD00963C15 /* MenuRatingCell.xib in Resources */,
				A452E3B224D428DA002EE514 /* ShopItemCell.xib in Resources */,
				A450E39B24E564A900C49AEE /* GameCertificateCell.xib in Resources */,
				A4A065A724E47E510080E0D8 /* Gilroy-Medium.ttf in Resources */,
				A4DAF73624DD862500963C15 /* Gilroy-Bold.ttf in Resources */,
				A48DFF7724F3EBC400E47095 /* VideoView.xib in Resources */,
				A4CC5FEE24DAEA840042B41C /* NavigationBar.xib in Resources */,
				A42527C424F06E9300E3FBD4 /* GameFirstPlayCell.xib in Resources */,
				A4DAF74424DDBAFE00963C15 /* MenuHomeGameCell.xib in Resources */,
				A4A065AB24E4812F0080E0D8 /* GameGeneralDescriptionCell.xib in Resources */,
				A46F303724F5284E0062A333 /* GamePaymentTypeCell.xib in Resources */,
				A4A0659E24E477E20080E0D8 /* GameInfoCell.xib in Resources */,
				A4DAF74024DDABFF00963C15 /* WarmupCell.xib in Resources */,
				A4A5370924EC7AA6004A10D4 /* HomeGameCell.xib in Resources */,
				A40D818B24D2D24C006D2CE3 /* ScheduleCell.xib in Resources */,
				A498FCCD24E52ED80069F896 /* GameRegisterCell.xib in Resources */,
				A46F303F24F5302B0062A333 /* GameSubmitButtonCell.xib in Resources */,
			);
			runOnlyForDeploymentPostprocessing = 0;
		};
/* End PBXResourcesBuildPhase section */

/* Begin PBXSourcesBuildPhase section */
		A40D815224D2C6C1006D2CE3 /* Sources */ = {
			isa = PBXSourcesBuildPhase;
			buildActionMask = 2147483647;
			files = (
				A4BA1CEA24D832D600D32ADC /* MainMenuConfigurator.swift in Sources */,
				A4A0659824E477860080E0D8 /* GameOrderVC.swift in Sources */,
				A40D815A24D2C6C1006D2CE3 /* AppDelegate.swift in Sources */,
				A40B758024D9A75A006DB7D1 /* ScheduleRouter.swift in Sources */,
				A40B758424D9A7CD006DB7D1 /* WarmupInteractor.swift in Sources */,
				A450E3A124E5732200C49AEE /* GameOrderInteractor.swift in Sources */,
				A4147AD924E5BAF9007C131F /* MapService.swift in Sources */,
				A4DAF74724DDCCAD00963C15 /* MenuRatingCell.swift in Sources */,
				A40B758824D9A7FD006DB7D1 /* WarmupRouter.swift in Sources */,
				A46F303E24F5302B0062A333 /* GameSubmitButtonCell.swift in Sources */,
				A4CC5FF024DAF7300042B41C /* NavigationBar.swift in Sources */,
				A48DFF7B24F4070200E47095 /* HomeGame.swift in Sources */,
				A4A065A224E47D1F0080E0D8 /* GameAnnotationCell.swift in Sources */,
				A469F75924E3084D007FB332 /* ScheduleGameCell.swift in Sources */,
				A40D817C24D2CA04006D2CE3 /* ScheduleVC.swift in Sources */,
				A44C697624EFD45300AB3BC9 /* QRCodeService.swift in Sources */,
				A42527C324F06E9300E3FBD4 /* GameFirstPlayCell.swift in Sources */,
				A48DFF7524F3EB5000E47095 /* HomeGameVideoVC.swift in Sources */,
				A40B75A024D9A875006DB7D1 /* RatingRouter.swift in Sources */,
				A419F2F224F003C9004A7997 /* ScalingButton.swift in Sources */,
				A4FFA4AB24F3AB1A006A1150 /* GameOrderCellDelegates.swift in Sources */,
				A40B759C24D9A868006DB7D1 /* RatingInteractor.swift in Sources */,
				A40F036224D4187800C381F2 /* UIKitExtensions.swift in Sources */,
				A450E39F24E5729200C49AEE /* GameOrderConfigurator.swift in Sources */,
				A40B758224D9A76F006DB7D1 /* ScheduleConfigurator.swift in Sources */,
				A4BA1CEC24D8338B00D32ADC /* MainMenuPresenter.swift in Sources */,
				A4FFA4A924F39F26006A1150 /* GameOrderCellProtocol.swift in Sources */,
				A48DFF7D24F419AC00E47095 /* ShopCompletionVC.swift in Sources */,
				A4CC5FC124DACE0E0042B41C /* ShopInteractor.swift in Sources */,
				A40B757E24D9A750006DB7D1 /* SchedulePresenter.swift in Sources */,
				A4DAF74324DDBAFE00963C15 /* MenuHomeGameCell.swift in Sources */,
				A44C697824EFE06000AB3BC9 /* QRScannerVC.swift in Sources */,
				A40B759624D9A84C006DB7D1 /* ProfilePresenter.swift in Sources */,
				A4FFA4AF24F3BD73006A1150 /* RegisterForm.swift in Sources */,
				A40B759424D9A845006DB7D1 /* ProfileInteractor.swift in Sources */,
				A40D818224D2CA30006D2CE3 /* ProfileVC.swift in Sources */,
				A423AC2424EEC65100071E68 /* ConfirmVC.swift in Sources */,
				A4FFA4B124F3BE2A006A1150 /* PaymentType.swift in Sources */,
				A4A5370424EC7691004A10D4 /* UIColorExtensions.swift in Sources */,
				A40B759224D9A836006DB7D1 /* HomeGameConfigurator.swift in Sources */,
				A4DAF73924DD987F00963C15 /* MenuProfileCell.swift in Sources */,
				A450E39A24E564A900C49AEE /* GameCertificateCell.swift in Sources */,
				A40F036424D419D200C381F2 /* MenuCellItemProtocol.swift in Sources */,
				A452E3B424D431C5002EE514 /* DataTypesExtensions.swift in Sources */,
				A40B759A24D9A85B006DB7D1 /* ProfileConfigurator.swift in Sources */,
				A4CC5FC324DACE1A0042B41C /* ShopPresenter.swift in Sources */,
				A4A065A524E47D460080E0D8 /* TableCellProtocol.swift in Sources */,
				A4DAF73F24DDABFF00963C15 /* WarmupCell.swift in Sources */,
				A40D815C24D2C6C1006D2CE3 /* SceneDelegate.swift in Sources */,
				A40B757C24D9A744006DB7D1 /* ScheduleInteractor.swift in Sources */,
				A40D818A24D2D24C006D2CE3 /* ScheduleCell.swift in Sources */,
				A46F303A24F52CAE0062A333 /* GameOnlinePaymentCell.swift in Sources */,
				A40B759E24D9A86E006DB7D1 /* RatingPresenter.swift in Sources */,
				A498FCCC24E52ED80069F896 /* GameRegisterCell.swift in Sources */,
				A4C9D81324EA78BB00523688 /* RatingCell.swift in Sources */,
				A48DFF7924F3EBEF00E47095 /* VideoView.swift in Sources */,
				A4BA1CF024D835DE00D32ADC /* MainMenuRouter.swift in Sources */,
				A46436ED24EAD24F0033F23A /* HBSegmentedControl.swift in Sources */,
				A40D818624D2CA44006D2CE3 /* ShopVC.swift in Sources */,
				A4FFA4AD24F3AE78006A1150 /* MapExtensions.swift in Sources */,
				A40D818024D2CA26006D2CE3 /* HomeGamesListVC.swift in Sources */,
				A450E39724E559CD00C49AEE /* TitledTextFieldView.swift in Sources */,
				A445E34824DE02BC0070B9FC /* TitleLabel.swift in Sources */,
				A40B758C24D9A81A006DB7D1 /* HomeGameInteractor.swift in Sources */,
				A464370424EB37DB0033F23A /* ExpandingHeader.swift in Sources */,
				A40F035D24D412D700C381F2 /* ShopItemCell.swift in Sources */,
				A4A5370824EC7AA6004A10D4 /* HomeGameCell.swift in Sources */,
				A4A065AA24E4812F0080E0D8 /* GameGeneralDescriptionCell.swift in Sources */,
				A450E3A324E5735400C49AEE /* GameOrderRouter.swift in Sources */,
				A423AC1B24EE864000071E68 /* ProfileCell.swift in Sources */,
				A4BA1CEE24D8347300D32ADC /* MainMenuInteractor.swift in Sources */,
				A46F303624F5284E0062A333 /* GamePaymentTypeCell.swift in Sources */,
				A40D817E24D2CA1A006D2CE3 /* WarmupVC.swift in Sources */,
				A4BA1CF524D8874C00D32ADC /* AlertExtensions.swift in Sources */,
				A40B758624D9A7F6006DB7D1 /* WarmupPresenter.swift in Sources */,
				A40D817A24D2C9E6006D2CE3 /* MainMenuVC.swift in Sources */,
				A4CC5FF224DAFECF0042B41C /* VCExtensions.swift in Sources */,
				A40D818424D2CA39006D2CE3 /* RatingVC.swift in Sources */,
				A44C697B24EFE70B00AB3BC9 /* RouterProtocol.swift in Sources */,
				A40B758E24D9A820006DB7D1 /* HomeGamePresenter.swift in Sources */,
				A40B75A224D9A880006DB7D1 /* RatingConfigurator.swift in Sources */,
				A46436E924EA7E590033F23A /* Team.swift in Sources */,
				A40B758A24D9A806006DB7D1 /* WarmupConfigurator.swift in Sources */,
				A423AC1D24EE971100071E68 /* ShopItem.swift in Sources */,
				A4CC5FC524DACE230042B41C /* ShopRouter.swift in Sources */,
				A4BA1CF324D84C4B00D32ADC /* MenuItem.swift in Sources */,
				A40B759024D9A829006DB7D1 /* HomeGameRouter.swift in Sources */,
				A4A0659D24E477E20080E0D8 /* GameInfoCell.swift in Sources */,
				A4147AD724E5B92D007C131F /* Place.swift in Sources */,
				A464370524EB37DB0033F23A /* ExpandingHeaderTextField.swift in Sources */,
				A423AC2224EEBCD600071E68 /* FiltersVC.swift in Sources */,
				A4CC5FC724DACE2D0042B41C /* ShopConfigurator.swift in Sources */,
				A450E3A524E57A8C00C49AEE /* GameInfoItemKind.swift in Sources */,
				A450E39D24E571C900C49AEE /* GameOrderPresenter.swift in Sources */,
				A40B759824D9A852006DB7D1 /* ProfileRouter.swift in Sources */,
				A4B0753224DFDBFB007778A2 /* GameInfo.swift in Sources */,
			);
			runOnlyForDeploymentPostprocessing = 0;
		};
/* End PBXSourcesBuildPhase section */

/* Begin PBXVariantGroup section */
		A40D816424D2C6C2006D2CE3 /* LaunchScreen.storyboard */ = {
			isa = PBXVariantGroup;
			children = (
				A40D816524D2C6C2006D2CE3 /* Base */,
			);
			name = LaunchScreen.storyboard;
			sourceTree = "<group>";
		};
/* End PBXVariantGroup section */

/* Begin XCBuildConfiguration section */
		A40D816824D2C6C2006D2CE3 /* Debug */ = {
			isa = XCBuildConfiguration;
			buildSettings = {
				ALWAYS_SEARCH_USER_PATHS = NO;
				CLANG_ANALYZER_NONNULL = YES;
				CLANG_ANALYZER_NUMBER_OBJECT_CONVERSION = YES_AGGRESSIVE;
				CLANG_CXX_LANGUAGE_STANDARD = "gnu++14";
				CLANG_CXX_LIBRARY = "libc++";
				CLANG_ENABLE_MODULES = YES;
				CLANG_ENABLE_OBJC_ARC = YES;
				CLANG_ENABLE_OBJC_WEAK = YES;
				CLANG_WARN_BLOCK_CAPTURE_AUTORELEASING = YES;
				CLANG_WARN_BOOL_CONVERSION = YES;
				CLANG_WARN_COMMA = YES;
				CLANG_WARN_CONSTANT_CONVERSION = YES;
				CLANG_WARN_DEPRECATED_OBJC_IMPLEMENTATIONS = YES;
				CLANG_WARN_DIRECT_OBJC_ISA_USAGE = YES_ERROR;
				CLANG_WARN_DOCUMENTATION_COMMENTS = YES;
				CLANG_WARN_EMPTY_BODY = YES;
				CLANG_WARN_ENUM_CONVERSION = YES;
				CLANG_WARN_INFINITE_RECURSION = YES;
				CLANG_WARN_INT_CONVERSION = YES;
				CLANG_WARN_NON_LITERAL_NULL_CONVERSION = YES;
				CLANG_WARN_OBJC_IMPLICIT_RETAIN_SELF = YES;
				CLANG_WARN_OBJC_LITERAL_CONVERSION = YES;
				CLANG_WARN_OBJC_ROOT_CLASS = YES_ERROR;
				CLANG_WARN_RANGE_LOOP_ANALYSIS = YES;
				CLANG_WARN_STRICT_PROTOTYPES = YES;
				CLANG_WARN_SUSPICIOUS_MOVE = YES;
				CLANG_WARN_UNGUARDED_AVAILABILITY = YES_AGGRESSIVE;
				CLANG_WARN_UNREACHABLE_CODE = YES;
				CLANG_WARN__DUPLICATE_METHOD_MATCH = YES;
				COPY_PHASE_STRIP = NO;
				DEBUG_INFORMATION_FORMAT = dwarf;
				ENABLE_STRICT_OBJC_MSGSEND = YES;
				ENABLE_TESTABILITY = YES;
				GCC_C_LANGUAGE_STANDARD = gnu11;
				GCC_DYNAMIC_NO_PIC = NO;
				GCC_NO_COMMON_BLOCKS = YES;
				GCC_OPTIMIZATION_LEVEL = 0;
				GCC_PREPROCESSOR_DEFINITIONS = (
					"DEBUG=1",
					"$(inherited)",
				);
				GCC_WARN_64_TO_32_BIT_CONVERSION = YES;
				GCC_WARN_ABOUT_RETURN_TYPE = YES_ERROR;
				GCC_WARN_UNDECLARED_SELECTOR = YES;
				GCC_WARN_UNINITIALIZED_AUTOS = YES_AGGRESSIVE;
				GCC_WARN_UNUSED_FUNCTION = YES;
				GCC_WARN_UNUSED_VARIABLE = YES;
				IPHONEOS_DEPLOYMENT_TARGET = 13.6;
				MTL_ENABLE_DEBUG_INFO = INCLUDE_SOURCE;
				MTL_FAST_MATH = YES;
				ONLY_ACTIVE_ARCH = YES;
				SDKROOT = iphoneos;
				SWIFT_ACTIVE_COMPILATION_CONDITIONS = DEBUG;
				SWIFT_OPTIMIZATION_LEVEL = "-Onone";
			};
			name = Debug;
		};
		A40D816924D2C6C2006D2CE3 /* Release */ = {
			isa = XCBuildConfiguration;
			buildSettings = {
				ALWAYS_SEARCH_USER_PATHS = NO;
				CLANG_ANALYZER_NONNULL = YES;
				CLANG_ANALYZER_NUMBER_OBJECT_CONVERSION = YES_AGGRESSIVE;
				CLANG_CXX_LANGUAGE_STANDARD = "gnu++14";
				CLANG_CXX_LIBRARY = "libc++";
				CLANG_ENABLE_MODULES = YES;
				CLANG_ENABLE_OBJC_ARC = YES;
				CLANG_ENABLE_OBJC_WEAK = YES;
				CLANG_WARN_BLOCK_CAPTURE_AUTORELEASING = YES;
				CLANG_WARN_BOOL_CONVERSION = YES;
				CLANG_WARN_COMMA = YES;
				CLANG_WARN_CONSTANT_CONVERSION = YES;
				CLANG_WARN_DEPRECATED_OBJC_IMPLEMENTATIONS = YES;
				CLANG_WARN_DIRECT_OBJC_ISA_USAGE = YES_ERROR;
				CLANG_WARN_DOCUMENTATION_COMMENTS = YES;
				CLANG_WARN_EMPTY_BODY = YES;
				CLANG_WARN_ENUM_CONVERSION = YES;
				CLANG_WARN_INFINITE_RECURSION = YES;
				CLANG_WARN_INT_CONVERSION = YES;
				CLANG_WARN_NON_LITERAL_NULL_CONVERSION = YES;
				CLANG_WARN_OBJC_IMPLICIT_RETAIN_SELF = YES;
				CLANG_WARN_OBJC_LITERAL_CONVERSION = YES;
				CLANG_WARN_OBJC_ROOT_CLASS = YES_ERROR;
				CLANG_WARN_RANGE_LOOP_ANALYSIS = YES;
				CLANG_WARN_STRICT_PROTOTYPES = YES;
				CLANG_WARN_SUSPICIOUS_MOVE = YES;
				CLANG_WARN_UNGUARDED_AVAILABILITY = YES_AGGRESSIVE;
				CLANG_WARN_UNREACHABLE_CODE = YES;
				CLANG_WARN__DUPLICATE_METHOD_MATCH = YES;
				COPY_PHASE_STRIP = NO;
				DEBUG_INFORMATION_FORMAT = "dwarf-with-dsym";
				ENABLE_NS_ASSERTIONS = NO;
				ENABLE_STRICT_OBJC_MSGSEND = YES;
				GCC_C_LANGUAGE_STANDARD = gnu11;
				GCC_NO_COMMON_BLOCKS = YES;
				GCC_WARN_64_TO_32_BIT_CONVERSION = YES;
				GCC_WARN_ABOUT_RETURN_TYPE = YES_ERROR;
				GCC_WARN_UNDECLARED_SELECTOR = YES;
				GCC_WARN_UNINITIALIZED_AUTOS = YES_AGGRESSIVE;
				GCC_WARN_UNUSED_FUNCTION = YES;
				GCC_WARN_UNUSED_VARIABLE = YES;
				IPHONEOS_DEPLOYMENT_TARGET = 13.6;
				MTL_ENABLE_DEBUG_INFO = NO;
				MTL_FAST_MATH = YES;
				SDKROOT = iphoneos;
				SWIFT_COMPILATION_MODE = wholemodule;
				SWIFT_OPTIMIZATION_LEVEL = "-O";
				VALIDATE_PRODUCT = YES;
			};
			name = Release;
		};
		A40D816B24D2C6C2006D2CE3 /* Debug */ = {
			isa = XCBuildConfiguration;
			buildSettings = {
				ASSETCATALOG_COMPILER_APPICON_NAME = AppIcon;
				CODE_SIGN_STYLE = Automatic;
				DEVELOPMENT_TEAM = P89V4KBVYT;
				INFOPLIST_FILE = QuizPlease/Info.plist;
				IPHONEOS_DEPLOYMENT_TARGET = 12.0;
				LD_RUNPATH_SEARCH_PATHS = (
					"$(inherited)",
					"@executable_path/Frameworks",
				);
				PRODUCT_BUNDLE_IDENTIFIER = com.pycak.QuizPlease;
				PRODUCT_NAME = "$(TARGET_NAME)";
				SWIFT_VERSION = 5.0;
				TARGETED_DEVICE_FAMILY = 1;
			};
			name = Debug;
		};
		A40D816C24D2C6C2006D2CE3 /* Release */ = {
			isa = XCBuildConfiguration;
			buildSettings = {
				ASSETCATALOG_COMPILER_APPICON_NAME = AppIcon;
				CODE_SIGN_STYLE = Automatic;
				DEVELOPMENT_TEAM = P89V4KBVYT;
				INFOPLIST_FILE = QuizPlease/Info.plist;
				IPHONEOS_DEPLOYMENT_TARGET = 12.0;
				LD_RUNPATH_SEARCH_PATHS = (
					"$(inherited)",
					"@executable_path/Frameworks",
				);
				PRODUCT_BUNDLE_IDENTIFIER = com.pycak.QuizPlease;
				PRODUCT_NAME = "$(TARGET_NAME)";
				SWIFT_VERSION = 5.0;
				TARGETED_DEVICE_FAMILY = 1;
			};
			name = Release;
		};
/* End XCBuildConfiguration section */

/* Begin XCConfigurationList section */
		A40D815124D2C6C1006D2CE3 /* Build configuration list for PBXProject "QuizPlease" */ = {
			isa = XCConfigurationList;
			buildConfigurations = (
				A40D816824D2C6C2006D2CE3 /* Debug */,
				A40D816924D2C6C2006D2CE3 /* Release */,
			);
			defaultConfigurationIsVisible = 0;
			defaultConfigurationName = Release;
		};
		A40D816A24D2C6C2006D2CE3 /* Build configuration list for PBXNativeTarget "QuizPlease" */ = {
			isa = XCConfigurationList;
			buildConfigurations = (
				A40D816B24D2C6C2006D2CE3 /* Debug */,
				A40D816C24D2C6C2006D2CE3 /* Release */,
			);
			defaultConfigurationIsVisible = 0;
			defaultConfigurationName = Release;
		};
/* End XCConfigurationList section */

/* Begin XCRemoteSwiftPackageReference section */
		A4147AD324E596FC007C131F /* XCRemoteSwiftPackageReference "IQKeyboardManager" */ = {
			isa = XCRemoteSwiftPackageReference;
			repositoryURL = "https://github.com/hackiftekhar/IQKeyboardManager";
			requirement = {
				kind = upToNextMajorVersion;
				minimumVersion = 6.5.6;
			};
		};
		A423AC1E24EEBA0600071E68 /* XCRemoteSwiftPackageReference "BottomPopup" */ = {
			isa = XCRemoteSwiftPackageReference;
			repositoryURL = "https://github.com/ergunemr/BottomPopup";
			requirement = {
				kind = upToNextMajorVersion;
				minimumVersion = 0.6.0;
			};
		};
/* End XCRemoteSwiftPackageReference section */

/* Begin XCSwiftPackageProductDependency section */
		A4147AD424E596FC007C131F /* IQKeyboardManagerSwift */ = {
			isa = XCSwiftPackageProductDependency;
			package = A4147AD324E596FC007C131F /* XCRemoteSwiftPackageReference "IQKeyboardManager" */;
			productName = IQKeyboardManagerSwift;
		};
		A423AC1F24EEBA0600071E68 /* BottomPopup */ = {
			isa = XCSwiftPackageProductDependency;
			package = A423AC1E24EEBA0600071E68 /* XCRemoteSwiftPackageReference "BottomPopup" */;
			productName = BottomPopup;
		};
/* End XCSwiftPackageProductDependency section */
	};
	rootObject = A40D814E24D2C6C1006D2CE3 /* Project object */;
}
