// !$*UTF8*$!
{
	archiveVersion = 1;
	classes = {
	};
	objectVersion = 50;
	objects = {

/* Begin PBXBuildFile section */
		A40D815A24D2C6C1006D2CE3 /* AppDelegate.swift in Sources */ = {isa = PBXBuildFile; fileRef = A40D815924D2C6C1006D2CE3 /* AppDelegate.swift */; };
		A40D815C24D2C6C1006D2CE3 /* SceneDelegate.swift in Sources */ = {isa = PBXBuildFile; fileRef = A40D815B24D2C6C1006D2CE3 /* SceneDelegate.swift */; };
		A40D816124D2C6C1006D2CE3 /* Main.storyboard in Resources */ = {isa = PBXBuildFile; fileRef = A40D815F24D2C6C1006D2CE3 /* Main.storyboard */; };
		A40D816324D2C6C2006D2CE3 /* Assets.xcassets in Resources */ = {isa = PBXBuildFile; fileRef = A40D816224D2C6C2006D2CE3 /* Assets.xcassets */; };
		A40D816624D2C6C2006D2CE3 /* LaunchScreen.storyboard in Resources */ = {isa = PBXBuildFile; fileRef = A40D816424D2C6C2006D2CE3 /* LaunchScreen.storyboard */; };
		A40D817A24D2C9E6006D2CE3 /* MainMenuVC.swift in Sources */ = {isa = PBXBuildFile; fileRef = A40D817924D2C9E6006D2CE3 /* MainMenuVC.swift */; };
		A40D817C24D2CA04006D2CE3 /* ScheduleVC.swift in Sources */ = {isa = PBXBuildFile; fileRef = A40D817B24D2CA04006D2CE3 /* ScheduleVC.swift */; };
		A40D817E24D2CA1A006D2CE3 /* WarmupVC.swift in Sources */ = {isa = PBXBuildFile; fileRef = A40D817D24D2CA1A006D2CE3 /* WarmupVC.swift */; };
		A40D818024D2CA26006D2CE3 /* HomeGameVC.swift in Sources */ = {isa = PBXBuildFile; fileRef = A40D817F24D2CA26006D2CE3 /* HomeGameVC.swift */; };
		A40D818224D2CA30006D2CE3 /* ProfileVC.swift in Sources */ = {isa = PBXBuildFile; fileRef = A40D818124D2CA30006D2CE3 /* ProfileVC.swift */; };
		A40D818424D2CA39006D2CE3 /* RatingVC.swift in Sources */ = {isa = PBXBuildFile; fileRef = A40D818324D2CA39006D2CE3 /* RatingVC.swift */; };
		A40D818624D2CA44006D2CE3 /* ShopVC.swift in Sources */ = {isa = PBXBuildFile; fileRef = A40D818524D2CA44006D2CE3 /* ShopVC.swift */; };
		A40D818A24D2D24C006D2CE3 /* ScheduleCell.swift in Sources */ = {isa = PBXBuildFile; fileRef = A40D818824D2D24C006D2CE3 /* ScheduleCell.swift */; };
		A40D818B24D2D24C006D2CE3 /* ScheduleCell.xib in Resources */ = {isa = PBXBuildFile; fileRef = A40D818924D2D24C006D2CE3 /* ScheduleCell.xib */; };
/* End PBXBuildFile section */

/* Begin PBXFileReference section */
		A40D815624D2C6C1006D2CE3 /* QuizPlease.app */ = {isa = PBXFileReference; explicitFileType = wrapper.application; includeInIndex = 0; path = QuizPlease.app; sourceTree = BUILT_PRODUCTS_DIR; };
		A40D815924D2C6C1006D2CE3 /* AppDelegate.swift */ = {isa = PBXFileReference; lastKnownFileType = sourcecode.swift; path = AppDelegate.swift; sourceTree = "<group>"; };
		A40D815B24D2C6C1006D2CE3 /* SceneDelegate.swift */ = {isa = PBXFileReference; lastKnownFileType = sourcecode.swift; path = SceneDelegate.swift; sourceTree = "<group>"; };
		A40D816024D2C6C1006D2CE3 /* Base */ = {isa = PBXFileReference; lastKnownFileType = file.storyboard; name = Base; path = Base.lproj/Main.storyboard; sourceTree = "<group>"; };
		A40D816224D2C6C2006D2CE3 /* Assets.xcassets */ = {isa = PBXFileReference; lastKnownFileType = folder.assetcatalog; path = Assets.xcassets; sourceTree = "<group>"; };
		A40D816524D2C6C2006D2CE3 /* Base */ = {isa = PBXFileReference; lastKnownFileType = file.storyboard; name = Base; path = Base.lproj/LaunchScreen.storyboard; sourceTree = "<group>"; };
		A40D816724D2C6C2006D2CE3 /* Info.plist */ = {isa = PBXFileReference; lastKnownFileType = text.plist.xml; path = Info.plist; sourceTree = "<group>"; };
		A40D817924D2C9E6006D2CE3 /* MainMenuVC.swift */ = {isa = PBXFileReference; lastKnownFileType = sourcecode.swift; path = MainMenuVC.swift; sourceTree = "<group>"; };
		A40D817B24D2CA04006D2CE3 /* ScheduleVC.swift */ = {isa = PBXFileReference; lastKnownFileType = sourcecode.swift; path = ScheduleVC.swift; sourceTree = "<group>"; };
		A40D817D24D2CA1A006D2CE3 /* WarmupVC.swift */ = {isa = PBXFileReference; lastKnownFileType = sourcecode.swift; path = WarmupVC.swift; sourceTree = "<group>"; };
		A40D817F24D2CA26006D2CE3 /* HomeGameVC.swift */ = {isa = PBXFileReference; lastKnownFileType = sourcecode.swift; path = HomeGameVC.swift; sourceTree = "<group>"; };
		A40D818124D2CA30006D2CE3 /* ProfileVC.swift */ = {isa = PBXFileReference; lastKnownFileType = sourcecode.swift; path = ProfileVC.swift; sourceTree = "<group>"; };
		A40D818324D2CA39006D2CE3 /* RatingVC.swift */ = {isa = PBXFileReference; lastKnownFileType = sourcecode.swift; path = RatingVC.swift; sourceTree = "<group>"; };
		A40D818524D2CA44006D2CE3 /* ShopVC.swift */ = {isa = PBXFileReference; lastKnownFileType = sourcecode.swift; path = ShopVC.swift; sourceTree = "<group>"; };
		A40D818824D2D24C006D2CE3 /* ScheduleCell.swift */ = {isa = PBXFileReference; lastKnownFileType = sourcecode.swift; path = ScheduleCell.swift; sourceTree = "<group>"; };
		A40D818924D2D24C006D2CE3 /* ScheduleCell.xib */ = {isa = PBXFileReference; lastKnownFileType = file.xib; path = ScheduleCell.xib; sourceTree = "<group>"; };
/* End PBXFileReference section */

/* Begin PBXFrameworksBuildPhase section */
		A40D815324D2C6C1006D2CE3 /* Frameworks */ = {
			isa = PBXFrameworksBuildPhase;
			buildActionMask = 2147483647;
			files = (
			);
			runOnlyForDeploymentPostprocessing = 0;
		};
/* End PBXFrameworksBuildPhase section */

/* Begin PBXGroup section */
		A40D814D24D2C6C1006D2CE3 = {
			isa = PBXGroup;
			children = (
				A40D815824D2C6C1006D2CE3 /* QuizPlease */,
				A40D815724D2C6C1006D2CE3 /* Products */,
			);
			sourceTree = "<group>";
		};
		A40D815724D2C6C1006D2CE3 /* Products */ = {
			isa = PBXGroup;
			children = (
				A40D815624D2C6C1006D2CE3 /* QuizPlease.app */,
			);
			name = Products;
			sourceTree = "<group>";
		};
		A40D815824D2C6C1006D2CE3 /* QuizPlease */ = {
			isa = PBXGroup;
			children = (
				A40D816724D2C6C2006D2CE3 /* Info.plist */,
				A40D817124D2C787006D2CE3 /* Model */,
				A40D816E24D2C760006D2CE3 /* View */,
				A40D817024D2C77F006D2CE3 /* Controllers */,
				A40D816D24D2C73D006D2CE3 /* AppDelegates */,
				A40D816224D2C6C2006D2CE3 /* Assets.xcassets */,
			);
			path = QuizPlease;
			sourceTree = "<group>";
		};
		A40D816D24D2C73D006D2CE3 /* AppDelegates */ = {
			isa = PBXGroup;
			children = (
				A40D815924D2C6C1006D2CE3 /* AppDelegate.swift */,
				A40D815B24D2C6C1006D2CE3 /* SceneDelegate.swift */,
			);
			path = AppDelegates;
			sourceTree = "<group>";
		};
		A40D816E24D2C760006D2CE3 /* View */ = {
			isa = PBXGroup;
			children = (
				A40D816F24D2C767006D2CE3 /* Storyboards */,
				A40D818724D2D223006D2CE3 /* Cells */,
			);
			path = View;
			sourceTree = "<group>";
		};
		A40D816F24D2C767006D2CE3 /* Storyboards */ = {
			isa = PBXGroup;
			children = (
				A40D815F24D2C6C1006D2CE3 /* Main.storyboard */,
				A40D816424D2C6C2006D2CE3 /* LaunchScreen.storyboard */,
			);
			path = Storyboards;
			sourceTree = "<group>";
		};
		A40D817024D2C77F006D2CE3 /* Controllers */ = {
			isa = PBXGroup;
			children = (
				A40D817224D2C95D006D2CE3 /* MainMenuVC */,
				A40D817624D2C97E006D2CE3 /* ScheduleVC */,
				A40D817824D2C99D006D2CE3 /* WarmUpVC */,
				A40D817724D2C98A006D2CE3 /* HomeGameVC */,
				A40D817424D2C96B006D2CE3 /* ProfileVC */,
				A40D817524D2C974006D2CE3 /* RatingVC */,
				A40D817324D2C963006D2CE3 /* ShopVC */,
			);
			path = Controllers;
			sourceTree = "<group>";
		};
		A40D817124D2C787006D2CE3 /* Model */ = {
			isa = PBXGroup;
			children = (
			);
			path = Model;
			sourceTree = "<group>";
		};
		A40D817224D2C95D006D2CE3 /* MainMenuVC */ = {
			isa = PBXGroup;
			children = (
				A40D817924D2C9E6006D2CE3 /* MainMenuVC.swift */,
			);
			path = MainMenuVC;
			sourceTree = "<group>";
		};
		A40D817324D2C963006D2CE3 /* ShopVC */ = {
			isa = PBXGroup;
			children = (
				A40D818524D2CA44006D2CE3 /* ShopVC.swift */,
			);
			path = ShopVC;
			sourceTree = "<group>";
		};
		A40D817424D2C96B006D2CE3 /* ProfileVC */ = {
			isa = PBXGroup;
			children = (
				A40D818124D2CA30006D2CE3 /* ProfileVC.swift */,
			);
			path = ProfileVC;
			sourceTree = "<group>";
		};
		A40D817524D2C974006D2CE3 /* RatingVC */ = {
			isa = PBXGroup;
			children = (
				A40D818324D2CA39006D2CE3 /* RatingVC.swift */,
			);
			path = RatingVC;
			sourceTree = "<group>";
		};
		A40D817624D2C97E006D2CE3 /* ScheduleVC */ = {
			isa = PBXGroup;
			children = (
				A40D817B24D2CA04006D2CE3 /* ScheduleVC.swift */,
			);
			path = ScheduleVC;
			sourceTree = "<group>";
		};
		A40D817724D2C98A006D2CE3 /* HomeGameVC */ = {
			isa = PBXGroup;
			children = (
				A40D817F24D2CA26006D2CE3 /* HomeGameVC.swift */,
			);
			path = HomeGameVC;
			sourceTree = "<group>";
		};
		A40D817824D2C99D006D2CE3 /* WarmUpVC */ = {
			isa = PBXGroup;
			children = (
				A40D817D24D2CA1A006D2CE3 /* WarmupVC.swift */,
			);
			path = WarmUpVC;
			sourceTree = "<group>";
		};
		A40D818724D2D223006D2CE3 /* Cells */ = {
			isa = PBXGroup;
			children = (
				A40D818824D2D24C006D2CE3 /* ScheduleCell.swift */,
				A40D818924D2D24C006D2CE3 /* ScheduleCell.xib */,
			);
			path = Cells;
			sourceTree = "<group>";
		};
/* End PBXGroup section */

/* Begin PBXNativeTarget section */
		A40D815524D2C6C1006D2CE3 /* QuizPlease */ = {
			isa = PBXNativeTarget;
			buildConfigurationList = A40D816A24D2C6C2006D2CE3 /* Build configuration list for PBXNativeTarget "QuizPlease" */;
			buildPhases = (
				A40D815224D2C6C1006D2CE3 /* Sources */,
				A40D815324D2C6C1006D2CE3 /* Frameworks */,
				A40D815424D2C6C1006D2CE3 /* Resources */,
			);
			buildRules = (
			);
			dependencies = (
			);
			name = QuizPlease;
			productName = QuizPlease;
			productReference = A40D815624D2C6C1006D2CE3 /* QuizPlease.app */;
			productType = "com.apple.product-type.application";
		};
/* End PBXNativeTarget section */

/* Begin PBXProject section */
		A40D814E24D2C6C1006D2CE3 /* Project object */ = {
			isa = PBXProject;
			attributes = {
				LastSwiftUpdateCheck = 1160;
				LastUpgradeCheck = 1160;
				ORGANIZATIONNAME = "Владислав";
				TargetAttributes = {
					A40D815524D2C6C1006D2CE3 = {
						CreatedOnToolsVersion = 11.6;
					};
				};
			};
			buildConfigurationList = A40D815124D2C6C1006D2CE3 /* Build configuration list for PBXProject "QuizPlease" */;
			compatibilityVersion = "Xcode 9.3";
			developmentRegion = en;
			hasScannedForEncodings = 0;
			knownRegions = (
				en,
				Base,
			);
			mainGroup = A40D814D24D2C6C1006D2CE3;
			productRefGroup = A40D815724D2C6C1006D2CE3 /* Products */;
			projectDirPath = "";
			projectRoot = "";
			targets = (
				A40D815524D2C6C1006D2CE3 /* QuizPlease */,
			);
		};
/* End PBXProject section */

/* Begin PBXResourcesBuildPhase section */
		A40D815424D2C6C1006D2CE3 /* Resources */ = {
			isa = PBXResourcesBuildPhase;
			buildActionMask = 2147483647;
			files = (
				A40D816624D2C6C2006D2CE3 /* LaunchScreen.storyboard in Resources */,
				A40D816324D2C6C2006D2CE3 /* Assets.xcassets in Resources */,
				A40D818B24D2D24C006D2CE3 /* ScheduleCell.xib in Resources */,
				A40D816124D2C6C1006D2CE3 /* Main.storyboard in Resources */,
			);
			runOnlyForDeploymentPostprocessing = 0;
		};
/* End PBXResourcesBuildPhase section */

/* Begin PBXSourcesBuildPhase section */
		A40D815224D2C6C1006D2CE3 /* Sources */ = {
			isa = PBXSourcesBuildPhase;
			buildActionMask = 2147483647;
			files = (
				A40D815A24D2C6C1006D2CE3 /* AppDelegate.swift in Sources */,
				A40D817C24D2CA04006D2CE3 /* ScheduleVC.swift in Sources */,
				A40D818224D2CA30006D2CE3 /* ProfileVC.swift in Sources */,
				A40D815C24D2C6C1006D2CE3 /* SceneDelegate.swift in Sources */,
				A40D818A24D2D24C006D2CE3 /* ScheduleCell.swift in Sources */,
				A40D818624D2CA44006D2CE3 /* ShopVC.swift in Sources */,
				A40D818024D2CA26006D2CE3 /* HomeGameVC.swift in Sources */,
				A40D817E24D2CA1A006D2CE3 /* WarmupVC.swift in Sources */,
				A40D817A24D2C9E6006D2CE3 /* MainMenuVC.swift in Sources */,
				A40D818424D2CA39006D2CE3 /* RatingVC.swift in Sources */,
			);
			runOnlyForDeploymentPostprocessing = 0;
		};
/* End PBXSourcesBuildPhase section */

/* Begin PBXVariantGroup section */
		A40D815F24D2C6C1006D2CE3 /* Main.storyboard */ = {
			isa = PBXVariantGroup;
			children = (
				A40D816024D2C6C1006D2CE3 /* Base */,
			);
			name = Main.storyboard;
			sourceTree = "<group>";
		};
		A40D816424D2C6C2006D2CE3 /* LaunchScreen.storyboard */ = {
			isa = PBXVariantGroup;
			children = (
				A40D816524D2C6C2006D2CE3 /* Base */,
			);
			name = LaunchScreen.storyboard;
			sourceTree = "<group>";
		};
/* End PBXVariantGroup section */

/* Begin XCBuildConfiguration section */
		A40D816824D2C6C2006D2CE3 /* Debug */ = {
			isa = XCBuildConfiguration;
			buildSettings = {
				ALWAYS_SEARCH_USER_PATHS = NO;
				CLANG_ANALYZER_NONNULL = YES;
				CLANG_ANALYZER_NUMBER_OBJECT_CONVERSION = YES_AGGRESSIVE;
				CLANG_CXX_LANGUAGE_STANDARD = "gnu++14";
				CLANG_CXX_LIBRARY = "libc++";
				CLANG_ENABLE_MODULES = YES;
				CLANG_ENABLE_OBJC_ARC = YES;
				CLANG_ENABLE_OBJC_WEAK = YES;
				CLANG_WARN_BLOCK_CAPTURE_AUTORELEASING = YES;
				CLANG_WARN_BOOL_CONVERSION = YES;
				CLANG_WARN_COMMA = YES;
				CLANG_WARN_CONSTANT_CONVERSION = YES;
				CLANG_WARN_DEPRECATED_OBJC_IMPLEMENTATIONS = YES;
				CLANG_WARN_DIRECT_OBJC_ISA_USAGE = YES_ERROR;
				CLANG_WARN_DOCUMENTATION_COMMENTS = YES;
				CLANG_WARN_EMPTY_BODY = YES;
				CLANG_WARN_ENUM_CONVERSION = YES;
				CLANG_WARN_INFINITE_RECURSION = YES;
				CLANG_WARN_INT_CONVERSION = YES;
				CLANG_WARN_NON_LITERAL_NULL_CONVERSION = YES;
				CLANG_WARN_OBJC_IMPLICIT_RETAIN_SELF = YES;
				CLANG_WARN_OBJC_LITERAL_CONVERSION = YES;
				CLANG_WARN_OBJC_ROOT_CLASS = YES_ERROR;
				CLANG_WARN_RANGE_LOOP_ANALYSIS = YES;
				CLANG_WARN_STRICT_PROTOTYPES = YES;
				CLANG_WARN_SUSPICIOUS_MOVE = YES;
				CLANG_WARN_UNGUARDED_AVAILABILITY = YES_AGGRESSIVE;
				CLANG_WARN_UNREACHABLE_CODE = YES;
				CLANG_WARN__DUPLICATE_METHOD_MATCH = YES;
				COPY_PHASE_STRIP = NO;
				DEBUG_INFORMATION_FORMAT = dwarf;
				ENABLE_STRICT_OBJC_MSGSEND = YES;
				ENABLE_TESTABILITY = YES;
				GCC_C_LANGUAGE_STANDARD = gnu11;
				GCC_DYNAMIC_NO_PIC = NO;
				GCC_NO_COMMON_BLOCKS = YES;
				GCC_OPTIMIZATION_LEVEL = 0;
				GCC_PREPROCESSOR_DEFINITIONS = (
					"DEBUG=1",
					"$(inherited)",
				);
				GCC_WARN_64_TO_32_BIT_CONVERSION = YES;
				GCC_WARN_ABOUT_RETURN_TYPE = YES_ERROR;
				GCC_WARN_UNDECLARED_SELECTOR = YES;
				GCC_WARN_UNINITIALIZED_AUTOS = YES_AGGRESSIVE;
				GCC_WARN_UNUSED_FUNCTION = YES;
				GCC_WARN_UNUSED_VARIABLE = YES;
				IPHONEOS_DEPLOYMENT_TARGET = 13.6;
				MTL_ENABLE_DEBUG_INFO = INCLUDE_SOURCE;
				MTL_FAST_MATH = YES;
				ONLY_ACTIVE_ARCH = YES;
				SDKROOT = iphoneos;
				SWIFT_ACTIVE_COMPILATION_CONDITIONS = DEBUG;
				SWIFT_OPTIMIZATION_LEVEL = "-Onone";
			};
			name = Debug;
		};
		A40D816924D2C6C2006D2CE3 /* Release */ = {
			isa = XCBuildConfiguration;
			buildSettings = {
				ALWAYS_SEARCH_USER_PATHS = NO;
				CLANG_ANALYZER_NONNULL = YES;
				CLANG_ANALYZER_NUMBER_OBJECT_CONVERSION = YES_AGGRESSIVE;
				CLANG_CXX_LANGUAGE_STANDARD = "gnu++14";
				CLANG_CXX_LIBRARY = "libc++";
				CLANG_ENABLE_MODULES = YES;
				CLANG_ENABLE_OBJC_ARC = YES;
				CLANG_ENABLE_OBJC_WEAK = YES;
				CLANG_WARN_BLOCK_CAPTURE_AUTORELEASING = YES;
				CLANG_WARN_BOOL_CONVERSION = YES;
				CLANG_WARN_COMMA = YES;
				CLANG_WARN_CONSTANT_CONVERSION = YES;
				CLANG_WARN_DEPRECATED_OBJC_IMPLEMENTATIONS = YES;
				CLANG_WARN_DIRECT_OBJC_ISA_USAGE = YES_ERROR;
				CLANG_WARN_DOCUMENTATION_COMMENTS = YES;
				CLANG_WARN_EMPTY_BODY = YES;
				CLANG_WARN_ENUM_CONVERSION = YES;
				CLANG_WARN_INFINITE_RECURSION = YES;
				CLANG_WARN_INT_CONVERSION = YES;
				CLANG_WARN_NON_LITERAL_NULL_CONVERSION = YES;
				CLANG_WARN_OBJC_IMPLICIT_RETAIN_SELF = YES;
				CLANG_WARN_OBJC_LITERAL_CONVERSION = YES;
				CLANG_WARN_OBJC_ROOT_CLASS = YES_ERROR;
				CLANG_WARN_RANGE_LOOP_ANALYSIS = YES;
				CLANG_WARN_STRICT_PROTOTYPES = YES;
				CLANG_WARN_SUSPICIOUS_MOVE = YES;
				CLANG_WARN_UNGUARDED_AVAILABILITY = YES_AGGRESSIVE;
				CLANG_WARN_UNREACHABLE_CODE = YES;
				CLANG_WARN__DUPLICATE_METHOD_MATCH = YES;
				COPY_PHASE_STRIP = NO;
				DEBUG_INFORMATION_FORMAT = "dwarf-with-dsym";
				ENABLE_NS_ASSERTIONS = NO;
				ENABLE_STRICT_OBJC_MSGSEND = YES;
				GCC_C_LANGUAGE_STANDARD = gnu11;
				GCC_NO_COMMON_BLOCKS = YES;
				GCC_WARN_64_TO_32_BIT_CONVERSION = YES;
				GCC_WARN_ABOUT_RETURN_TYPE = YES_ERROR;
				GCC_WARN_UNDECLARED_SELECTOR = YES;
				GCC_WARN_UNINITIALIZED_AUTOS = YES_AGGRESSIVE;
				GCC_WARN_UNUSED_FUNCTION = YES;
				GCC_WARN_UNUSED_VARIABLE = YES;
				IPHONEOS_DEPLOYMENT_TARGET = 13.6;
				MTL_ENABLE_DEBUG_INFO = NO;
				MTL_FAST_MATH = YES;
				SDKROOT = iphoneos;
				SWIFT_COMPILATION_MODE = wholemodule;
				SWIFT_OPTIMIZATION_LEVEL = "-O";
				VALIDATE_PRODUCT = YES;
			};
			name = Release;
		};
		A40D816B24D2C6C2006D2CE3 /* Debug */ = {
			isa = XCBuildConfiguration;
			buildSettings = {
				ASSETCATALOG_COMPILER_APPICON_NAME = AppIcon;
				CODE_SIGN_STYLE = Automatic;
				DEVELOPMENT_TEAM = P89V4KBVYT;
				INFOPLIST_FILE = QuizPlease/Info.plist;
				IPHONEOS_DEPLOYMENT_TARGET = 12.0;
				LD_RUNPATH_SEARCH_PATHS = (
					"$(inherited)",
					"@executable_path/Frameworks",
				);
				PRODUCT_BUNDLE_IDENTIFIER = com.pycak.QuizPlease;
				PRODUCT_NAME = "$(TARGET_NAME)";
				SWIFT_VERSION = 5.0;
				TARGETED_DEVICE_FAMILY = 1;
			};
			name = Debug;
		};
		A40D816C24D2C6C2006D2CE3 /* Release */ = {
			isa = XCBuildConfiguration;
			buildSettings = {
				ASSETCATALOG_COMPILER_APPICON_NAME = AppIcon;
				CODE_SIGN_STYLE = Automatic;
				DEVELOPMENT_TEAM = P89V4KBVYT;
				INFOPLIST_FILE = QuizPlease/Info.plist;
				IPHONEOS_DEPLOYMENT_TARGET = 12.0;
				LD_RUNPATH_SEARCH_PATHS = (
					"$(inherited)",
					"@executable_path/Frameworks",
				);
				PRODUCT_BUNDLE_IDENTIFIER = com.pycak.QuizPlease;
				PRODUCT_NAME = "$(TARGET_NAME)";
				SWIFT_VERSION = 5.0;
				TARGETED_DEVICE_FAMILY = 1;
			};
			name = Release;
		};
/* End XCBuildConfiguration section */

/* Begin XCConfigurationList section */
		A40D815124D2C6C1006D2CE3 /* Build configuration list for PBXProject "QuizPlease" */ = {
			isa = XCConfigurationList;
			buildConfigurations = (
				A40D816824D2C6C2006D2CE3 /* Debug */,
				A40D816924D2C6C2006D2CE3 /* Release */,
			);
			defaultConfigurationIsVisible = 0;
			defaultConfigurationName = Release;
		};
		A40D816A24D2C6C2006D2CE3 /* Build configuration list for PBXNativeTarget "QuizPlease" */ = {
			isa = XCConfigurationList;
			buildConfigurations = (
				A40D816B24D2C6C2006D2CE3 /* Debug */,
				A40D816C24D2C6C2006D2CE3 /* Release */,
			);
			defaultConfigurationIsVisible = 0;
			defaultConfigurationName = Release;
		};
/* End XCConfigurationList section */
	};
	rootObject = A40D814E24D2C6C1006D2CE3 /* Project object */;
}
