// !$*UTF8*$!
{
	archiveVersion = 1;
	classes = {
	};
	objectVersion = 50;
	objects = {

/* Begin PBXBuildFile section */
		A40B757C24D9A744006DB7D1 /* ScheduleInteractor.swift in Sources */ = {isa = PBXBuildFile; fileRef = A40B757B24D9A744006DB7D1 /* ScheduleInteractor.swift */; };
		A40B757E24D9A750006DB7D1 /* SchedulePresenter.swift in Sources */ = {isa = PBXBuildFile; fileRef = A40B757D24D9A750006DB7D1 /* SchedulePresenter.swift */; };
		A40B758024D9A75A006DB7D1 /* ScheduleRouter.swift in Sources */ = {isa = PBXBuildFile; fileRef = A40B757F24D9A75A006DB7D1 /* ScheduleRouter.swift */; };
		A40B758224D9A76F006DB7D1 /* ScheduleConfigurator.swift in Sources */ = {isa = PBXBuildFile; fileRef = A40B758124D9A76F006DB7D1 /* ScheduleConfigurator.swift */; };
		A40B758424D9A7CD006DB7D1 /* WarmupInteractor.swift in Sources */ = {isa = PBXBuildFile; fileRef = A40B758324D9A7CD006DB7D1 /* WarmupInteractor.swift */; };
		A40B758624D9A7F6006DB7D1 /* WarmupPresenter.swift in Sources */ = {isa = PBXBuildFile; fileRef = A40B758524D9A7F6006DB7D1 /* WarmupPresenter.swift */; };
		A40B758824D9A7FD006DB7D1 /* WarmupRouter.swift in Sources */ = {isa = PBXBuildFile; fileRef = A40B758724D9A7FD006DB7D1 /* WarmupRouter.swift */; };
		A40B758A24D9A806006DB7D1 /* WarmupConfigurator.swift in Sources */ = {isa = PBXBuildFile; fileRef = A40B758924D9A806006DB7D1 /* WarmupConfigurator.swift */; };
		A40B758C24D9A81A006DB7D1 /* HomeGameInteractor.swift in Sources */ = {isa = PBXBuildFile; fileRef = A40B758B24D9A81A006DB7D1 /* HomeGameInteractor.swift */; };
		A40B758E24D9A820006DB7D1 /* HomeGamePresenter.swift in Sources */ = {isa = PBXBuildFile; fileRef = A40B758D24D9A820006DB7D1 /* HomeGamePresenter.swift */; };
		A40B759024D9A829006DB7D1 /* HomeGameRouter.swift in Sources */ = {isa = PBXBuildFile; fileRef = A40B758F24D9A829006DB7D1 /* HomeGameRouter.swift */; };
		A40B759224D9A836006DB7D1 /* HomeGameConfigurator.swift in Sources */ = {isa = PBXBuildFile; fileRef = A40B759124D9A836006DB7D1 /* HomeGameConfigurator.swift */; };
		A40B759424D9A845006DB7D1 /* ProfileInteractor.swift in Sources */ = {isa = PBXBuildFile; fileRef = A40B759324D9A845006DB7D1 /* ProfileInteractor.swift */; };
		A40B759624D9A84C006DB7D1 /* ProfilePresenter.swift in Sources */ = {isa = PBXBuildFile; fileRef = A40B759524D9A84C006DB7D1 /* ProfilePresenter.swift */; };
		A40B759824D9A852006DB7D1 /* ProfileRouter.swift in Sources */ = {isa = PBXBuildFile; fileRef = A40B759724D9A852006DB7D1 /* ProfileRouter.swift */; };
		A40B759A24D9A85B006DB7D1 /* ProfileConfigurator.swift in Sources */ = {isa = PBXBuildFile; fileRef = A40B759924D9A85B006DB7D1 /* ProfileConfigurator.swift */; };
		A40B759C24D9A868006DB7D1 /* RatingInteractor.swift in Sources */ = {isa = PBXBuildFile; fileRef = A40B759B24D9A868006DB7D1 /* RatingInteractor.swift */; };
		A40B759E24D9A86E006DB7D1 /* RatingPresenter.swift in Sources */ = {isa = PBXBuildFile; fileRef = A40B759D24D9A86E006DB7D1 /* RatingPresenter.swift */; };
		A40B75A024D9A875006DB7D1 /* RatingRouter.swift in Sources */ = {isa = PBXBuildFile; fileRef = A40B759F24D9A875006DB7D1 /* RatingRouter.swift */; };
		A40B75A224D9A880006DB7D1 /* RatingConfigurator.swift in Sources */ = {isa = PBXBuildFile; fileRef = A40B75A124D9A880006DB7D1 /* RatingConfigurator.swift */; };
		A40D815A24D2C6C1006D2CE3 /* AppDelegate.swift in Sources */ = {isa = PBXBuildFile; fileRef = A40D815924D2C6C1006D2CE3 /* AppDelegate.swift */; };
		A40D815C24D2C6C1006D2CE3 /* SceneDelegate.swift in Sources */ = {isa = PBXBuildFile; fileRef = A40D815B24D2C6C1006D2CE3 /* SceneDelegate.swift */; };
		A40D816124D2C6C1006D2CE3 /* Main.storyboard in Resources */ = {isa = PBXBuildFile; fileRef = A40D815F24D2C6C1006D2CE3 /* Main.storyboard */; };
		A40D816324D2C6C2006D2CE3 /* Assets.xcassets in Resources */ = {isa = PBXBuildFile; fileRef = A40D816224D2C6C2006D2CE3 /* Assets.xcassets */; };
		A40D816624D2C6C2006D2CE3 /* LaunchScreen.storyboard in Resources */ = {isa = PBXBuildFile; fileRef = A40D816424D2C6C2006D2CE3 /* LaunchScreen.storyboard */; };
		A40D817A24D2C9E6006D2CE3 /* MainMenuVC.swift in Sources */ = {isa = PBXBuildFile; fileRef = A40D817924D2C9E6006D2CE3 /* MainMenuVC.swift */; };
		A40D817C24D2CA04006D2CE3 /* ScheduleVC.swift in Sources */ = {isa = PBXBuildFile; fileRef = A40D817B24D2CA04006D2CE3 /* ScheduleVC.swift */; };
		A40D817E24D2CA1A006D2CE3 /* WarmupVC.swift in Sources */ = {isa = PBXBuildFile; fileRef = A40D817D24D2CA1A006D2CE3 /* WarmupVC.swift */; };
		A40D818024D2CA26006D2CE3 /* HomeGameVC.swift in Sources */ = {isa = PBXBuildFile; fileRef = A40D817F24D2CA26006D2CE3 /* HomeGameVC.swift */; };
		A40D818224D2CA30006D2CE3 /* ProfileVC.swift in Sources */ = {isa = PBXBuildFile; fileRef = A40D818124D2CA30006D2CE3 /* ProfileVC.swift */; };
		A40D818424D2CA39006D2CE3 /* RatingVC.swift in Sources */ = {isa = PBXBuildFile; fileRef = A40D818324D2CA39006D2CE3 /* RatingVC.swift */; };
		A40D818624D2CA44006D2CE3 /* ShopVC.swift in Sources */ = {isa = PBXBuildFile; fileRef = A40D818524D2CA44006D2CE3 /* ShopVC.swift */; };
		A40D818A24D2D24C006D2CE3 /* ScheduleCell.swift in Sources */ = {isa = PBXBuildFile; fileRef = A40D818824D2D24C006D2CE3 /* ScheduleCell.swift */; };
		A40D818B24D2D24C006D2CE3 /* ScheduleCell.xib in Resources */ = {isa = PBXBuildFile; fileRef = A40D818924D2D24C006D2CE3 /* ScheduleCell.xib */; };
		A40F035D24D412D700C381F2 /* ShopItemCell.swift in Sources */ = {isa = PBXBuildFile; fileRef = A40F035B24D412D700C381F2 /* ShopItemCell.swift */; };
		A40F036224D4187800C381F2 /* UIKitExtensions.swift in Sources */ = {isa = PBXBuildFile; fileRef = A40F036124D4187800C381F2 /* UIKitExtensions.swift */; };
		A40F036424D419D200C381F2 /* MenuCellItem.swift in Sources */ = {isa = PBXBuildFile; fileRef = A40F036324D419D200C381F2 /* MenuCellItem.swift */; };
		A452E3B224D428DA002EE514 /* ShopItemCell.xib in Resources */ = {isa = PBXBuildFile; fileRef = A452E3B024D428DA002EE514 /* ShopItemCell.xib */; };
		A452E3B424D431C5002EE514 /* DataTypesExtensions.swift in Sources */ = {isa = PBXBuildFile; fileRef = A452E3B324D431C5002EE514 /* DataTypesExtensions.swift */; };
		A4BA1CEA24D832D600D32ADC /* MainMenuConfigurator.swift in Sources */ = {isa = PBXBuildFile; fileRef = A4BA1CE924D832D600D32ADC /* MainMenuConfigurator.swift */; };
		A4BA1CEC24D8338B00D32ADC /* MainMenuPresenter.swift in Sources */ = {isa = PBXBuildFile; fileRef = A4BA1CEB24D8338B00D32ADC /* MainMenuPresenter.swift */; };
		A4BA1CEE24D8347300D32ADC /* MainMenuInteractor.swift in Sources */ = {isa = PBXBuildFile; fileRef = A4BA1CED24D8347300D32ADC /* MainMenuInteractor.swift */; };
		A4BA1CF024D835DE00D32ADC /* MainMenuRouter.swift in Sources */ = {isa = PBXBuildFile; fileRef = A4BA1CEF24D835DE00D32ADC /* MainMenuRouter.swift */; };
		A4BA1CF324D84C4B00D32ADC /* MenuItem.swift in Sources */ = {isa = PBXBuildFile; fileRef = A4BA1CF224D84C4B00D32ADC /* MenuItem.swift */; };
		A4BA1CF524D8874C00D32ADC /* AlertExtensions.swift in Sources */ = {isa = PBXBuildFile; fileRef = A4BA1CF424D8874C00D32ADC /* AlertExtensions.swift */; };
		A4CC5FC124DACE0E0042B41C /* ShopInteractor.swift in Sources */ = {isa = PBXBuildFile; fileRef = A4CC5FC024DACE0E0042B41C /* ShopInteractor.swift */; };
		A4CC5FC324DACE1A0042B41C /* ShopPresenter.swift in Sources */ = {isa = PBXBuildFile; fileRef = A4CC5FC224DACE1A0042B41C /* ShopPresenter.swift */; };
		A4CC5FC524DACE230042B41C /* ShopRouter.swift in Sources */ = {isa = PBXBuildFile; fileRef = A4CC5FC424DACE230042B41C /* ShopRouter.swift */; };
		A4CC5FC724DACE2D0042B41C /* ShopConfigurator.swift in Sources */ = {isa = PBXBuildFile; fileRef = A4CC5FC624DACE2D0042B41C /* ShopConfigurator.swift */; };
		A4CC5FEE24DAEA840042B41C /* NavigationBar.xib in Resources */ = {isa = PBXBuildFile; fileRef = A4CC5FED24DAEA840042B41C /* NavigationBar.xib */; };
		A4CC5FF024DAF7300042B41C /* NavigationBar.swift in Sources */ = {isa = PBXBuildFile; fileRef = A4CC5FEF24DAF7300042B41C /* NavigationBar.swift */; };
		A4CC5FF224DAFECF0042B41C /* VCExtensions.swift in Sources */ = {isa = PBXBuildFile; fileRef = A4CC5FF124DAFECF0042B41C /* VCExtensions.swift */; };
		A4DAF73624DD862500963C15 /* Gilroy-Bold.ttf in Resources */ = {isa = PBXBuildFile; fileRef = A4DAF73524DD862500963C15 /* Gilroy-Bold.ttf */; };
		A4DAF73924DD987F00963C15 /* ProfileCell.swift in Sources */ = {isa = PBXBuildFile; fileRef = A4DAF73724DD987F00963C15 /* ProfileCell.swift */; };
		A4DAF73A24DD987F00963C15 /* ProfileCell.xib in Resources */ = {isa = PBXBuildFile; fileRef = A4DAF73824DD987F00963C15 /* ProfileCell.xib */; };
		A4DAF73C24DD9BF400963C15 /* Gilroy-SemiBold.ttf in Resources */ = {isa = PBXBuildFile; fileRef = A4DAF73B24DD9BF400963C15 /* Gilroy-SemiBold.ttf */; };
		A4DAF73F24DDABFF00963C15 /* WarmupCell.swift in Sources */ = {isa = PBXBuildFile; fileRef = A4DAF73D24DDABFF00963C15 /* WarmupCell.swift */; };
		A4DAF74024DDABFF00963C15 /* WarmupCell.xib in Resources */ = {isa = PBXBuildFile; fileRef = A4DAF73E24DDABFF00963C15 /* WarmupCell.xib */; };
		A4DAF74324DDBAFE00963C15 /* HomeGameCell.swift in Sources */ = {isa = PBXBuildFile; fileRef = A4DAF74124DDBAFE00963C15 /* HomeGameCell.swift */; };
		A4DAF74424DDBAFE00963C15 /* HomeGameCell.xib in Resources */ = {isa = PBXBuildFile; fileRef = A4DAF74224DDBAFE00963C15 /* HomeGameCell.xib */; };
/* End PBXBuildFile section */

/* Begin PBXFileReference section */
		A40B757B24D9A744006DB7D1 /* ScheduleInteractor.swift */ = {isa = PBXFileReference; lastKnownFileType = sourcecode.swift; path = ScheduleInteractor.swift; sourceTree = "<group>"; };
		A40B757D24D9A750006DB7D1 /* SchedulePresenter.swift */ = {isa = PBXFileReference; lastKnownFileType = sourcecode.swift; path = SchedulePresenter.swift; sourceTree = "<group>"; };
		A40B757F24D9A75A006DB7D1 /* ScheduleRouter.swift */ = {isa = PBXFileReference; lastKnownFileType = sourcecode.swift; path = ScheduleRouter.swift; sourceTree = "<group>"; };
		A40B758124D9A76F006DB7D1 /* ScheduleConfigurator.swift */ = {isa = PBXFileReference; lastKnownFileType = sourcecode.swift; path = ScheduleConfigurator.swift; sourceTree = "<group>"; };
		A40B758324D9A7CD006DB7D1 /* WarmupInteractor.swift */ = {isa = PBXFileReference; lastKnownFileType = sourcecode.swift; path = WarmupInteractor.swift; sourceTree = "<group>"; };
		A40B758524D9A7F6006DB7D1 /* WarmupPresenter.swift */ = {isa = PBXFileReference; lastKnownFileType = sourcecode.swift; path = WarmupPresenter.swift; sourceTree = "<group>"; };
		A40B758724D9A7FD006DB7D1 /* WarmupRouter.swift */ = {isa = PBXFileReference; lastKnownFileType = sourcecode.swift; path = WarmupRouter.swift; sourceTree = "<group>"; };
		A40B758924D9A806006DB7D1 /* WarmupConfigurator.swift */ = {isa = PBXFileReference; lastKnownFileType = sourcecode.swift; path = WarmupConfigurator.swift; sourceTree = "<group>"; };
		A40B758B24D9A81A006DB7D1 /* HomeGameInteractor.swift */ = {isa = PBXFileReference; lastKnownFileType = sourcecode.swift; path = HomeGameInteractor.swift; sourceTree = "<group>"; };
		A40B758D24D9A820006DB7D1 /* HomeGamePresenter.swift */ = {isa = PBXFileReference; lastKnownFileType = sourcecode.swift; path = HomeGamePresenter.swift; sourceTree = "<group>"; };
		A40B758F24D9A829006DB7D1 /* HomeGameRouter.swift */ = {isa = PBXFileReference; lastKnownFileType = sourcecode.swift; path = HomeGameRouter.swift; sourceTree = "<group>"; };
		A40B759124D9A836006DB7D1 /* HomeGameConfigurator.swift */ = {isa = PBXFileReference; lastKnownFileType = sourcecode.swift; path = HomeGameConfigurator.swift; sourceTree = "<group>"; };
		A40B759324D9A845006DB7D1 /* ProfileInteractor.swift */ = {isa = PBXFileReference; lastKnownFileType = sourcecode.swift; path = ProfileInteractor.swift; sourceTree = "<group>"; };
		A40B759524D9A84C006DB7D1 /* ProfilePresenter.swift */ = {isa = PBXFileReference; lastKnownFileType = sourcecode.swift; path = ProfilePresenter.swift; sourceTree = "<group>"; };
		A40B759724D9A852006DB7D1 /* ProfileRouter.swift */ = {isa = PBXFileReference; lastKnownFileType = sourcecode.swift; path = ProfileRouter.swift; sourceTree = "<group>"; };
		A40B759924D9A85B006DB7D1 /* ProfileConfigurator.swift */ = {isa = PBXFileReference; lastKnownFileType = sourcecode.swift; path = ProfileConfigurator.swift; sourceTree = "<group>"; };
		A40B759B24D9A868006DB7D1 /* RatingInteractor.swift */ = {isa = PBXFileReference; lastKnownFileType = sourcecode.swift; path = RatingInteractor.swift; sourceTree = "<group>"; };
		A40B759D24D9A86E006DB7D1 /* RatingPresenter.swift */ = {isa = PBXFileReference; lastKnownFileType = sourcecode.swift; path = RatingPresenter.swift; sourceTree = "<group>"; };
		A40B759F24D9A875006DB7D1 /* RatingRouter.swift */ = {isa = PBXFileReference; lastKnownFileType = sourcecode.swift; path = RatingRouter.swift; sourceTree = "<group>"; };
		A40B75A124D9A880006DB7D1 /* RatingConfigurator.swift */ = {isa = PBXFileReference; lastKnownFileType = sourcecode.swift; path = RatingConfigurator.swift; sourceTree = "<group>"; };
		A40D815624D2C6C1006D2CE3 /* QuizPlease.app */ = {isa = PBXFileReference; explicitFileType = wrapper.application; includeInIndex = 0; path = QuizPlease.app; sourceTree = BUILT_PRODUCTS_DIR; };
		A40D815924D2C6C1006D2CE3 /* AppDelegate.swift */ = {isa = PBXFileReference; lastKnownFileType = sourcecode.swift; path = AppDelegate.swift; sourceTree = "<group>"; };
		A40D815B24D2C6C1006D2CE3 /* SceneDelegate.swift */ = {isa = PBXFileReference; lastKnownFileType = sourcecode.swift; path = SceneDelegate.swift; sourceTree = "<group>"; };
		A40D816024D2C6C1006D2CE3 /* Base */ = {isa = PBXFileReference; lastKnownFileType = file.storyboard; name = Base; path = Base.lproj/Main.storyboard; sourceTree = "<group>"; };
		A40D816224D2C6C2006D2CE3 /* Assets.xcassets */ = {isa = PBXFileReference; lastKnownFileType = folder.assetcatalog; path = Assets.xcassets; sourceTree = "<group>"; };
		A40D816524D2C6C2006D2CE3 /* Base */ = {isa = PBXFileReference; lastKnownFileType = file.storyboard; name = Base; path = Base.lproj/LaunchScreen.storyboard; sourceTree = "<group>"; };
		A40D816724D2C6C2006D2CE3 /* Info.plist */ = {isa = PBXFileReference; lastKnownFileType = text.plist.xml; path = Info.plist; sourceTree = "<group>"; };
		A40D817924D2C9E6006D2CE3 /* MainMenuVC.swift */ = {isa = PBXFileReference; lastKnownFileType = sourcecode.swift; path = MainMenuVC.swift; sourceTree = "<group>"; };
		A40D817B24D2CA04006D2CE3 /* ScheduleVC.swift */ = {isa = PBXFileReference; lastKnownFileType = sourcecode.swift; path = ScheduleVC.swift; sourceTree = "<group>"; };
		A40D817D24D2CA1A006D2CE3 /* WarmupVC.swift */ = {isa = PBXFileReference; lastKnownFileType = sourcecode.swift; path = WarmupVC.swift; sourceTree = "<group>"; };
		A40D817F24D2CA26006D2CE3 /* HomeGameVC.swift */ = {isa = PBXFileReference; lastKnownFileType = sourcecode.swift; path = HomeGameVC.swift; sourceTree = "<group>"; };
		A40D818124D2CA30006D2CE3 /* ProfileVC.swift */ = {isa = PBXFileReference; lastKnownFileType = sourcecode.swift; path = ProfileVC.swift; sourceTree = "<group>"; };
		A40D818324D2CA39006D2CE3 /* RatingVC.swift */ = {isa = PBXFileReference; lastKnownFileType = sourcecode.swift; path = RatingVC.swift; sourceTree = "<group>"; };
		A40D818524D2CA44006D2CE3 /* ShopVC.swift */ = {isa = PBXFileReference; lastKnownFileType = sourcecode.swift; path = ShopVC.swift; sourceTree = "<group>"; };
		A40D818824D2D24C006D2CE3 /* ScheduleCell.swift */ = {isa = PBXFileReference; lastKnownFileType = sourcecode.swift; path = ScheduleCell.swift; sourceTree = "<group>"; };
		A40D818924D2D24C006D2CE3 /* ScheduleCell.xib */ = {isa = PBXFileReference; lastKnownFileType = file.xib; path = ScheduleCell.xib; sourceTree = "<group>"; };
		A40F035B24D412D700C381F2 /* ShopItemCell.swift */ = {isa = PBXFileReference; lastKnownFileType = sourcecode.swift; path = ShopItemCell.swift; sourceTree = "<group>"; };
		A40F036124D4187800C381F2 /* UIKitExtensions.swift */ = {isa = PBXFileReference; lastKnownFileType = sourcecode.swift; path = UIKitExtensions.swift; sourceTree = "<group>"; };
		A40F036324D419D200C381F2 /* MenuCellItem.swift */ = {isa = PBXFileReference; lastKnownFileType = sourcecode.swift; path = MenuCellItem.swift; sourceTree = "<group>"; };
		A452E3B024D428DA002EE514 /* ShopItemCell.xib */ = {isa = PBXFileReference; lastKnownFileType = file.xib; path = ShopItemCell.xib; sourceTree = "<group>"; };
		A452E3B324D431C5002EE514 /* DataTypesExtensions.swift */ = {isa = PBXFileReference; lastKnownFileType = sourcecode.swift; path = DataTypesExtensions.swift; sourceTree = "<group>"; };
		A4BA1CE924D832D600D32ADC /* MainMenuConfigurator.swift */ = {isa = PBXFileReference; lastKnownFileType = sourcecode.swift; path = MainMenuConfigurator.swift; sourceTree = "<group>"; };
		A4BA1CEB24D8338B00D32ADC /* MainMenuPresenter.swift */ = {isa = PBXFileReference; lastKnownFileType = sourcecode.swift; path = MainMenuPresenter.swift; sourceTree = "<group>"; };
		A4BA1CED24D8347300D32ADC /* MainMenuInteractor.swift */ = {isa = PBXFileReference; lastKnownFileType = sourcecode.swift; path = MainMenuInteractor.swift; sourceTree = "<group>"; };
		A4BA1CEF24D835DE00D32ADC /* MainMenuRouter.swift */ = {isa = PBXFileReference; lastKnownFileType = sourcecode.swift; path = MainMenuRouter.swift; sourceTree = "<group>"; };
		A4BA1CF224D84C4B00D32ADC /* MenuItem.swift */ = {isa = PBXFileReference; lastKnownFileType = sourcecode.swift; path = MenuItem.swift; sourceTree = "<group>"; };
		A4BA1CF424D8874C00D32ADC /* AlertExtensions.swift */ = {isa = PBXFileReference; lastKnownFileType = sourcecode.swift; path = AlertExtensions.swift; sourceTree = "<group>"; };
		A4CC5FC024DACE0E0042B41C /* ShopInteractor.swift */ = {isa = PBXFileReference; lastKnownFileType = sourcecode.swift; path = ShopInteractor.swift; sourceTree = "<group>"; };
		A4CC5FC224DACE1A0042B41C /* ShopPresenter.swift */ = {isa = PBXFileReference; lastKnownFileType = sourcecode.swift; path = ShopPresenter.swift; sourceTree = "<group>"; };
		A4CC5FC424DACE230042B41C /* ShopRouter.swift */ = {isa = PBXFileReference; lastKnownFileType = sourcecode.swift; path = ShopRouter.swift; sourceTree = "<group>"; };
		A4CC5FC624DACE2D0042B41C /* ShopConfigurator.swift */ = {isa = PBXFileReference; lastKnownFileType = sourcecode.swift; path = ShopConfigurator.swift; sourceTree = "<group>"; };
		A4CC5FED24DAEA840042B41C /* NavigationBar.xib */ = {isa = PBXFileReference; lastKnownFileType = file.xib; path = NavigationBar.xib; sourceTree = "<group>"; };
		A4CC5FEF24DAF7300042B41C /* NavigationBar.swift */ = {isa = PBXFileReference; lastKnownFileType = sourcecode.swift; path = NavigationBar.swift; sourceTree = "<group>"; };
		A4CC5FF124DAFECF0042B41C /* VCExtensions.swift */ = {isa = PBXFileReference; lastKnownFileType = sourcecode.swift; path = VCExtensions.swift; sourceTree = "<group>"; };
		A4DAF73524DD862500963C15 /* Gilroy-Bold.ttf */ = {isa = PBXFileReference; lastKnownFileType = file; path = "Gilroy-Bold.ttf"; sourceTree = "<group>"; };
		A4DAF73724DD987F00963C15 /* ProfileCell.swift */ = {isa = PBXFileReference; lastKnownFileType = sourcecode.swift; path = ProfileCell.swift; sourceTree = "<group>"; };
		A4DAF73824DD987F00963C15 /* ProfileCell.xib */ = {isa = PBXFileReference; lastKnownFileType = file.xib; path = ProfileCell.xib; sourceTree = "<group>"; };
		A4DAF73B24DD9BF400963C15 /* Gilroy-SemiBold.ttf */ = {isa = PBXFileReference; lastKnownFileType = file; path = "Gilroy-SemiBold.ttf"; sourceTree = "<group>"; };
		A4DAF73D24DDABFF00963C15 /* WarmupCell.swift */ = {isa = PBXFileReference; lastKnownFileType = sourcecode.swift; path = WarmupCell.swift; sourceTree = "<group>"; };
		A4DAF73E24DDABFF00963C15 /* WarmupCell.xib */ = {isa = PBXFileReference; lastKnownFileType = file.xib; path = WarmupCell.xib; sourceTree = "<group>"; };
		A4DAF74124DDBAFE00963C15 /* HomeGameCell.swift */ = {isa = PBXFileReference; lastKnownFileType = sourcecode.swift; path = HomeGameCell.swift; sourceTree = "<group>"; };
		A4DAF74224DDBAFE00963C15 /* HomeGameCell.xib */ = {isa = PBXFileReference; lastKnownFileType = file.xib; path = HomeGameCell.xib; sourceTree = "<group>"; };
/* End PBXFileReference section */

/* Begin PBXFrameworksBuildPhase section */
		A40D815324D2C6C1006D2CE3 /* Frameworks */ = {
			isa = PBXFrameworksBuildPhase;
			buildActionMask = 2147483647;
			files = (
			);
			runOnlyForDeploymentPostprocessing = 0;
		};
/* End PBXFrameworksBuildPhase section */

/* Begin PBXGroup section */
		A40D814D24D2C6C1006D2CE3 = {
			isa = PBXGroup;
			children = (
				A40D815824D2C6C1006D2CE3 /* QuizPlease */,
				A40D815724D2C6C1006D2CE3 /* Products */,
			);
			sourceTree = "<group>";
		};
		A40D815724D2C6C1006D2CE3 /* Products */ = {
			isa = PBXGroup;
			children = (
				A40D815624D2C6C1006D2CE3 /* QuizPlease.app */,
			);
			name = Products;
			sourceTree = "<group>";
		};
		A40D815824D2C6C1006D2CE3 /* QuizPlease */ = {
			isa = PBXGroup;
			children = (
				A4CC5FEC24DAEA6C0042B41C /* Views */,
				A40D816724D2C6C2006D2CE3 /* Info.plist */,
				A40D816D24D2C73D006D2CE3 /* AppDelegates */,
				A4B828E224D8322B00D77E67 /* Entity */,
				A40D818C24D2E3DB006D2CE3 /* Services */,
				A40D816F24D2C767006D2CE3 /* Storyboards */,
				A4BA1CF124D83A6900D32ADC /* Modules */,
				A40F036024D4186200C381F2 /* Extensions */,
				A40D816224D2C6C2006D2CE3 /* Assets.xcassets */,
				A4DAF73424DD861800963C15 /* Fonts */,
			);
			path = QuizPlease;
			sourceTree = "<group>";
		};
		A40D816D24D2C73D006D2CE3 /* AppDelegates */ = {
			isa = PBXGroup;
			children = (
				A40D815924D2C6C1006D2CE3 /* AppDelegate.swift */,
				A40D815B24D2C6C1006D2CE3 /* SceneDelegate.swift */,
			);
			path = AppDelegates;
			sourceTree = "<group>";
		};
		A40D816F24D2C767006D2CE3 /* Storyboards */ = {
			isa = PBXGroup;
			children = (
				A40D815F24D2C6C1006D2CE3 /* Main.storyboard */,
				A40D816424D2C6C2006D2CE3 /* LaunchScreen.storyboard */,
			);
			path = Storyboards;
			sourceTree = "<group>";
		};
		A40D817224D2C95D006D2CE3 /* MainMenu */ = {
			isa = PBXGroup;
			children = (
				A4B828DD24D8318400D77E67 /* View */,
				A4BA1CF224D84C4B00D32ADC /* MenuItem.swift */,
				A4BA1CED24D8347300D32ADC /* MainMenuInteractor.swift */,
				A4BA1CEB24D8338B00D32ADC /* MainMenuPresenter.swift */,
				A4BA1CEF24D835DE00D32ADC /* MainMenuRouter.swift */,
				A4BA1CE924D832D600D32ADC /* MainMenuConfigurator.swift */,
			);
			path = MainMenu;
			sourceTree = "<group>";
		};
		A40D817324D2C963006D2CE3 /* Shop */ = {
			isa = PBXGroup;
			children = (
				A4B828E124D831F500D77E67 /* View */,
				A4CC5FC024DACE0E0042B41C /* ShopInteractor.swift */,
				A4CC5FC224DACE1A0042B41C /* ShopPresenter.swift */,
				A4CC5FC424DACE230042B41C /* ShopRouter.swift */,
				A4CC5FC624DACE2D0042B41C /* ShopConfigurator.swift */,
			);
			path = Shop;
			sourceTree = "<group>";
		};
		A40D817424D2C96B006D2CE3 /* Profile */ = {
			isa = PBXGroup;
			children = (
				A40D818124D2CA30006D2CE3 /* ProfileVC.swift */,
				A40B759324D9A845006DB7D1 /* ProfileInteractor.swift */,
				A40B759524D9A84C006DB7D1 /* ProfilePresenter.swift */,
				A40B759724D9A852006DB7D1 /* ProfileRouter.swift */,
				A40B759924D9A85B006DB7D1 /* ProfileConfigurator.swift */,
			);
			path = Profile;
			sourceTree = "<group>";
		};
		A40D817524D2C974006D2CE3 /* Rating */ = {
			isa = PBXGroup;
			children = (
				A40D818324D2CA39006D2CE3 /* RatingVC.swift */,
				A40B759B24D9A868006DB7D1 /* RatingInteractor.swift */,
				A40B759D24D9A86E006DB7D1 /* RatingPresenter.swift */,
				A40B759F24D9A875006DB7D1 /* RatingRouter.swift */,
				A40B75A124D9A880006DB7D1 /* RatingConfigurator.swift */,
			);
			path = Rating;
			sourceTree = "<group>";
		};
		A40D817624D2C97E006D2CE3 /* Schedule */ = {
			isa = PBXGroup;
			children = (
				A40D817B24D2CA04006D2CE3 /* ScheduleVC.swift */,
				A40B757B24D9A744006DB7D1 /* ScheduleInteractor.swift */,
				A40B757D24D9A750006DB7D1 /* SchedulePresenter.swift */,
				A40B757F24D9A75A006DB7D1 /* ScheduleRouter.swift */,
				A40B758124D9A76F006DB7D1 /* ScheduleConfigurator.swift */,
			);
			path = Schedule;
			sourceTree = "<group>";
		};
		A40D817724D2C98A006D2CE3 /* HomeGame */ = {
			isa = PBXGroup;
			children = (
				A40D817F24D2CA26006D2CE3 /* HomeGameVC.swift */,
				A40B758B24D9A81A006DB7D1 /* HomeGameInteractor.swift */,
				A40B758D24D9A820006DB7D1 /* HomeGamePresenter.swift */,
				A40B758F24D9A829006DB7D1 /* HomeGameRouter.swift */,
				A40B759124D9A836006DB7D1 /* HomeGameConfigurator.swift */,
			);
			path = HomeGame;
			sourceTree = "<group>";
		};
		A40D817824D2C99D006D2CE3 /* WarmUp */ = {
			isa = PBXGroup;
			children = (
				A40D817D24D2CA1A006D2CE3 /* WarmupVC.swift */,
				A40B758324D9A7CD006DB7D1 /* WarmupInteractor.swift */,
				A40B758524D9A7F6006DB7D1 /* WarmupPresenter.swift */,
				A40B758724D9A7FD006DB7D1 /* WarmupRouter.swift */,
				A40B758924D9A806006DB7D1 /* WarmupConfigurator.swift */,
			);
			path = WarmUp;
			sourceTree = "<group>";
		};
		A40D818C24D2E3DB006D2CE3 /* Services */ = {
			isa = PBXGroup;
			children = (
			);
			path = Services;
			sourceTree = "<group>";
		};
		A40F036024D4186200C381F2 /* Extensions */ = {
			isa = PBXGroup;
			children = (
				A40F036124D4187800C381F2 /* UIKitExtensions.swift */,
				A452E3B324D431C5002EE514 /* DataTypesExtensions.swift */,
				A4BA1CF424D8874C00D32ADC /* AlertExtensions.swift */,
				A4CC5FF124DAFECF0042B41C /* VCExtensions.swift */,
			);
			path = Extensions;
			sourceTree = "<group>";
		};
		A4B828DD24D8318400D77E67 /* View */ = {
			isa = PBXGroup;
			children = (
				A40D817924D2C9E6006D2CE3 /* MainMenuVC.swift */,
				A4DAF73324DD80CB00963C15 /* Cells */,
			);
			path = View;
			sourceTree = "<group>";
		};
		A4B828E124D831F500D77E67 /* View */ = {
			isa = PBXGroup;
			children = (
				A40D818524D2CA44006D2CE3 /* ShopVC.swift */,
				A40F035B24D412D700C381F2 /* ShopItemCell.swift */,
				A452E3B024D428DA002EE514 /* ShopItemCell.xib */,
			);
			path = View;
			sourceTree = "<group>";
		};
		A4B828E224D8322B00D77E67 /* Entity */ = {
			isa = PBXGroup;
			children = (
			);
			path = Entity;
			sourceTree = "<group>";
		};
		A4BA1CF124D83A6900D32ADC /* Modules */ = {
			isa = PBXGroup;
			children = (
				A40D817224D2C95D006D2CE3 /* MainMenu */,
				A40D817624D2C97E006D2CE3 /* Schedule */,
				A40D817824D2C99D006D2CE3 /* WarmUp */,
				A40D817724D2C98A006D2CE3 /* HomeGame */,
				A40D817424D2C96B006D2CE3 /* Profile */,
				A40D817524D2C974006D2CE3 /* Rating */,
				A40D817324D2C963006D2CE3 /* Shop */,
			);
			path = Modules;
			sourceTree = "<group>";
		};
		A4CC5FEC24DAEA6C0042B41C /* Views */ = {
			isa = PBXGroup;
			children = (
				A4CC5FED24DAEA840042B41C /* NavigationBar.xib */,
				A4CC5FEF24DAF7300042B41C /* NavigationBar.swift */,
			);
			path = Views;
			sourceTree = "<group>";
		};
		A4DAF73324DD80CB00963C15 /* Cells */ = {
			isa = PBXGroup;
			children = (
				A40F036324D419D200C381F2 /* MenuCellItem.swift */,
				A40D818824D2D24C006D2CE3 /* ScheduleCell.swift */,
				A40D818924D2D24C006D2CE3 /* ScheduleCell.xib */,
				A4DAF73724DD987F00963C15 /* ProfileCell.swift */,
				A4DAF73824DD987F00963C15 /* ProfileCell.xib */,
				A4DAF73D24DDABFF00963C15 /* WarmupCell.swift */,
				A4DAF73E24DDABFF00963C15 /* WarmupCell.xib */,
				A4DAF74124DDBAFE00963C15 /* HomeGameCell.swift */,
				A4DAF74224DDBAFE00963C15 /* HomeGameCell.xib */,
			);
			path = Cells;
			sourceTree = "<group>";
		};
		A4DAF73424DD861800963C15 /* Fonts */ = {
			isa = PBXGroup;
			children = (
				A4DAF73B24DD9BF400963C15 /* Gilroy-SemiBold.ttf */,
				A4DAF73524DD862500963C15 /* Gilroy-Bold.ttf */,
			);
			path = Fonts;
			sourceTree = "<group>";
		};
/* End PBXGroup section */

/* Begin PBXNativeTarget section */
		A40D815524D2C6C1006D2CE3 /* QuizPlease */ = {
			isa = PBXNativeTarget;
			buildConfigurationList = A40D816A24D2C6C2006D2CE3 /* Build configuration list for PBXNativeTarget "QuizPlease" */;
			buildPhases = (
				A40D815224D2C6C1006D2CE3 /* Sources */,
				A40D815324D2C6C1006D2CE3 /* Frameworks */,
				A40D815424D2C6C1006D2CE3 /* Resources */,
			);
			buildRules = (
			);
			dependencies = (
			);
			name = QuizPlease;
			productName = QuizPlease;
			productReference = A40D815624D2C6C1006D2CE3 /* QuizPlease.app */;
			productType = "com.apple.product-type.application";
		};
/* End PBXNativeTarget section */

/* Begin PBXProject section */
		A40D814E24D2C6C1006D2CE3 /* Project object */ = {
			isa = PBXProject;
			attributes = {
				LastSwiftUpdateCheck = 1160;
				LastUpgradeCheck = 1160;
				ORGANIZATIONNAME = "Владислав";
				TargetAttributes = {
					A40D815524D2C6C1006D2CE3 = {
						CreatedOnToolsVersion = 11.6;
					};
				};
			};
			buildConfigurationList = A40D815124D2C6C1006D2CE3 /* Build configuration list for PBXProject "QuizPlease" */;
			compatibilityVersion = "Xcode 9.3";
			developmentRegion = en;
			hasScannedForEncodings = 0;
			knownRegions = (
				en,
				Base,
			);
			mainGroup = A40D814D24D2C6C1006D2CE3;
			productRefGroup = A40D815724D2C6C1006D2CE3 /* Products */;
			projectDirPath = "";
			projectRoot = "";
			targets = (
				A40D815524D2C6C1006D2CE3 /* QuizPlease */,
			);
		};
/* End PBXProject section */

/* Begin PBXResourcesBuildPhase section */
		A40D815424D2C6C1006D2CE3 /* Resources */ = {
			isa = PBXResourcesBuildPhase;
			buildActionMask = 2147483647;
			files = (
				A40D816624D2C6C2006D2CE3 /* LaunchScreen.storyboard in Resources */,
				A4DAF73C24DD9BF400963C15 /* Gilroy-SemiBold.ttf in Resources */,
				A4DAF73A24DD987F00963C15 /* ProfileCell.xib in Resources */,
				A40D816324D2C6C2006D2CE3 /* Assets.xcassets in Resources */,
				A452E3B224D428DA002EE514 /* ShopItemCell.xib in Resources */,
				A4DAF73624DD862500963C15 /* Gilroy-Bold.ttf in Resources */,
				A4CC5FEE24DAEA840042B41C /* NavigationBar.xib in Resources */,
				A4DAF74424DDBAFE00963C15 /* HomeGameCell.xib in Resources */,
				A4DAF74024DDABFF00963C15 /* WarmupCell.xib in Resources */,
				A40D818B24D2D24C006D2CE3 /* ScheduleCell.xib in Resources */,
				A40D816124D2C6C1006D2CE3 /* Main.storyboard in Resources */,
			);
			runOnlyForDeploymentPostprocessing = 0;
		};
/* End PBXResourcesBuildPhase section */

/* Begin PBXSourcesBuildPhase section */
		A40D815224D2C6C1006D2CE3 /* Sources */ = {
			isa = PBXSourcesBuildPhase;
			buildActionMask = 2147483647;
			files = (
				A4BA1CEA24D832D600D32ADC /* MainMenuConfigurator.swift in Sources */,
				A40D815A24D2C6C1006D2CE3 /* AppDelegate.swift in Sources */,
				A40B758024D9A75A006DB7D1 /* ScheduleRouter.swift in Sources */,
				A40B758424D9A7CD006DB7D1 /* WarmupInteractor.swift in Sources */,
				A40B758824D9A7FD006DB7D1 /* WarmupRouter.swift in Sources */,
				A4CC5FF024DAF7300042B41C /* NavigationBar.swift in Sources */,
				A40D817C24D2CA04006D2CE3 /* ScheduleVC.swift in Sources */,
				A40B75A024D9A875006DB7D1 /* RatingRouter.swift in Sources */,
				A40B759C24D9A868006DB7D1 /* RatingInteractor.swift in Sources */,
				A40F036224D4187800C381F2 /* UIKitExtensions.swift in Sources */,
				A40B758224D9A76F006DB7D1 /* ScheduleConfigurator.swift in Sources */,
				A4BA1CEC24D8338B00D32ADC /* MainMenuPresenter.swift in Sources */,
				A4CC5FC124DACE0E0042B41C /* ShopInteractor.swift in Sources */,
				A40B757E24D9A750006DB7D1 /* SchedulePresenter.swift in Sources */,
				A4DAF74324DDBAFE00963C15 /* HomeGameCell.swift in Sources */,
				A40B759624D9A84C006DB7D1 /* ProfilePresenter.swift in Sources */,
				A40B759424D9A845006DB7D1 /* ProfileInteractor.swift in Sources */,
				A40D818224D2CA30006D2CE3 /* ProfileVC.swift in Sources */,
				A40B759224D9A836006DB7D1 /* HomeGameConfigurator.swift in Sources */,
				A4DAF73924DD987F00963C15 /* ProfileCell.swift in Sources */,
				A40F036424D419D200C381F2 /* MenuCellItem.swift in Sources */,
				A452E3B424D431C5002EE514 /* DataTypesExtensions.swift in Sources */,
				A40B759A24D9A85B006DB7D1 /* ProfileConfigurator.swift in Sources */,
				A4CC5FC324DACE1A0042B41C /* ShopPresenter.swift in Sources */,
				A4DAF73F24DDABFF00963C15 /* WarmupCell.swift in Sources */,
				A40D815C24D2C6C1006D2CE3 /* SceneDelegate.swift in Sources */,
				A40B757C24D9A744006DB7D1 /* ScheduleInteractor.swift in Sources */,
				A40D818A24D2D24C006D2CE3 /* ScheduleCell.swift in Sources */,
				A40B759E24D9A86E006DB7D1 /* RatingPresenter.swift in Sources */,
				A4BA1CF024D835DE00D32ADC /* MainMenuRouter.swift in Sources */,
				A40D818624D2CA44006D2CE3 /* ShopVC.swift in Sources */,
				A40D818024D2CA26006D2CE3 /* HomeGameVC.swift in Sources */,
				A40B758C24D9A81A006DB7D1 /* HomeGameInteractor.swift in Sources */,
				A40F035D24D412D700C381F2 /* ShopItemCell.swift in Sources */,
				A4BA1CEE24D8347300D32ADC /* MainMenuInteractor.swift in Sources */,
				A40D817E24D2CA1A006D2CE3 /* WarmupVC.swift in Sources */,
				A4BA1CF524D8874C00D32ADC /* AlertExtensions.swift in Sources */,
				A40B758624D9A7F6006DB7D1 /* WarmupPresenter.swift in Sources */,
				A40D817A24D2C9E6006D2CE3 /* MainMenuVC.swift in Sources */,
				A4CC5FF224DAFECF0042B41C /* VCExtensions.swift in Sources */,
				A40D818424D2CA39006D2CE3 /* RatingVC.swift in Sources */,
				A40B758E24D9A820006DB7D1 /* HomeGamePresenter.swift in Sources */,
				A40B75A224D9A880006DB7D1 /* RatingConfigurator.swift in Sources */,
				A40B758A24D9A806006DB7D1 /* WarmupConfigurator.swift in Sources */,
				A4CC5FC524DACE230042B41C /* ShopRouter.swift in Sources */,
				A4BA1CF324D84C4B00D32ADC /* MenuItem.swift in Sources */,
				A40B759024D9A829006DB7D1 /* HomeGameRouter.swift in Sources */,
				A4CC5FC724DACE2D0042B41C /* ShopConfigurator.swift in Sources */,
				A40B759824D9A852006DB7D1 /* ProfileRouter.swift in Sources */,
			);
			runOnlyForDeploymentPostprocessing = 0;
		};
/* End PBXSourcesBuildPhase section */

/* Begin PBXVariantGroup section */
		A40D815F24D2C6C1006D2CE3 /* Main.storyboard */ = {
			isa = PBXVariantGroup;
			children = (
				A40D816024D2C6C1006D2CE3 /* Base */,
			);
			name = Main.storyboard;
			sourceTree = "<group>";
		};
		A40D816424D2C6C2006D2CE3 /* LaunchScreen.storyboard */ = {
			isa = PBXVariantGroup;
			children = (
				A40D816524D2C6C2006D2CE3 /* Base */,
			);
			name = LaunchScreen.storyboard;
			sourceTree = "<group>";
		};
/* End PBXVariantGroup section */

/* Begin XCBuildConfiguration section */
		A40D816824D2C6C2006D2CE3 /* Debug */ = {
			isa = XCBuildConfiguration;
			buildSettings = {
				ALWAYS_SEARCH_USER_PATHS = NO;
				CLANG_ANALYZER_NONNULL = YES;
				CLANG_ANALYZER_NUMBER_OBJECT_CONVERSION = YES_AGGRESSIVE;
				CLANG_CXX_LANGUAGE_STANDARD = "gnu++14";
				CLANG_CXX_LIBRARY = "libc++";
				CLANG_ENABLE_MODULES = YES;
				CLANG_ENABLE_OBJC_ARC = YES;
				CLANG_ENABLE_OBJC_WEAK = YES;
				CLANG_WARN_BLOCK_CAPTURE_AUTORELEASING = YES;
				CLANG_WARN_BOOL_CONVERSION = YES;
				CLANG_WARN_COMMA = YES;
				CLANG_WARN_CONSTANT_CONVERSION = YES;
				CLANG_WARN_DEPRECATED_OBJC_IMPLEMENTATIONS = YES;
				CLANG_WARN_DIRECT_OBJC_ISA_USAGE = YES_ERROR;
				CLANG_WARN_DOCUMENTATION_COMMENTS = YES;
				CLANG_WARN_EMPTY_BODY = YES;
				CLANG_WARN_ENUM_CONVERSION = YES;
				CLANG_WARN_INFINITE_RECURSION = YES;
				CLANG_WARN_INT_CONVERSION = YES;
				CLANG_WARN_NON_LITERAL_NULL_CONVERSION = YES;
				CLANG_WARN_OBJC_IMPLICIT_RETAIN_SELF = YES;
				CLANG_WARN_OBJC_LITERAL_CONVERSION = YES;
				CLANG_WARN_OBJC_ROOT_CLASS = YES_ERROR;
				CLANG_WARN_RANGE_LOOP_ANALYSIS = YES;
				CLANG_WARN_STRICT_PROTOTYPES = YES;
				CLANG_WARN_SUSPICIOUS_MOVE = YES;
				CLANG_WARN_UNGUARDED_AVAILABILITY = YES_AGGRESSIVE;
				CLANG_WARN_UNREACHABLE_CODE = YES;
				CLANG_WARN__DUPLICATE_METHOD_MATCH = YES;
				COPY_PHASE_STRIP = NO;
				DEBUG_INFORMATION_FORMAT = dwarf;
				ENABLE_STRICT_OBJC_MSGSEND = YES;
				ENABLE_TESTABILITY = YES;
				GCC_C_LANGUAGE_STANDARD = gnu11;
				GCC_DYNAMIC_NO_PIC = NO;
				GCC_NO_COMMON_BLOCKS = YES;
				GCC_OPTIMIZATION_LEVEL = 0;
				GCC_PREPROCESSOR_DEFINITIONS = (
					"DEBUG=1",
					"$(inherited)",
				);
				GCC_WARN_64_TO_32_BIT_CONVERSION = YES;
				GCC_WARN_ABOUT_RETURN_TYPE = YES_ERROR;
				GCC_WARN_UNDECLARED_SELECTOR = YES;
				GCC_WARN_UNINITIALIZED_AUTOS = YES_AGGRESSIVE;
				GCC_WARN_UNUSED_FUNCTION = YES;
				GCC_WARN_UNUSED_VARIABLE = YES;
				IPHONEOS_DEPLOYMENT_TARGET = 13.6;
				MTL_ENABLE_DEBUG_INFO = INCLUDE_SOURCE;
				MTL_FAST_MATH = YES;
				ONLY_ACTIVE_ARCH = YES;
				SDKROOT = iphoneos;
				SWIFT_ACTIVE_COMPILATION_CONDITIONS = DEBUG;
				SWIFT_OPTIMIZATION_LEVEL = "-Onone";
			};
			name = Debug;
		};
		A40D816924D2C6C2006D2CE3 /* Release */ = {
			isa = XCBuildConfiguration;
			buildSettings = {
				ALWAYS_SEARCH_USER_PATHS = NO;
				CLANG_ANALYZER_NONNULL = YES;
				CLANG_ANALYZER_NUMBER_OBJECT_CONVERSION = YES_AGGRESSIVE;
				CLANG_CXX_LANGUAGE_STANDARD = "gnu++14";
				CLANG_CXX_LIBRARY = "libc++";
				CLANG_ENABLE_MODULES = YES;
				CLANG_ENABLE_OBJC_ARC = YES;
				CLANG_ENABLE_OBJC_WEAK = YES;
				CLANG_WARN_BLOCK_CAPTURE_AUTORELEASING = YES;
				CLANG_WARN_BOOL_CONVERSION = YES;
				CLANG_WARN_COMMA = YES;
				CLANG_WARN_CONSTANT_CONVERSION = YES;
				CLANG_WARN_DEPRECATED_OBJC_IMPLEMENTATIONS = YES;
				CLANG_WARN_DIRECT_OBJC_ISA_USAGE = YES_ERROR;
				CLANG_WARN_DOCUMENTATION_COMMENTS = YES;
				CLANG_WARN_EMPTY_BODY = YES;
				CLANG_WARN_ENUM_CONVERSION = YES;
				CLANG_WARN_INFINITE_RECURSION = YES;
				CLANG_WARN_INT_CONVERSION = YES;
				CLANG_WARN_NON_LITERAL_NULL_CONVERSION = YES;
				CLANG_WARN_OBJC_IMPLICIT_RETAIN_SELF = YES;
				CLANG_WARN_OBJC_LITERAL_CONVERSION = YES;
				CLANG_WARN_OBJC_ROOT_CLASS = YES_ERROR;
				CLANG_WARN_RANGE_LOOP_ANALYSIS = YES;
				CLANG_WARN_STRICT_PROTOTYPES = YES;
				CLANG_WARN_SUSPICIOUS_MOVE = YES;
				CLANG_WARN_UNGUARDED_AVAILABILITY = YES_AGGRESSIVE;
				CLANG_WARN_UNREACHABLE_CODE = YES;
				CLANG_WARN__DUPLICATE_METHOD_MATCH = YES;
				COPY_PHASE_STRIP = NO;
				DEBUG_INFORMATION_FORMAT = "dwarf-with-dsym";
				ENABLE_NS_ASSERTIONS = NO;
				ENABLE_STRICT_OBJC_MSGSEND = YES;
				GCC_C_LANGUAGE_STANDARD = gnu11;
				GCC_NO_COMMON_BLOCKS = YES;
				GCC_WARN_64_TO_32_BIT_CONVERSION = YES;
				GCC_WARN_ABOUT_RETURN_TYPE = YES_ERROR;
				GCC_WARN_UNDECLARED_SELECTOR = YES;
				GCC_WARN_UNINITIALIZED_AUTOS = YES_AGGRESSIVE;
				GCC_WARN_UNUSED_FUNCTION = YES;
				GCC_WARN_UNUSED_VARIABLE = YES;
				IPHONEOS_DEPLOYMENT_TARGET = 13.6;
				MTL_ENABLE_DEBUG_INFO = NO;
				MTL_FAST_MATH = YES;
				SDKROOT = iphoneos;
				SWIFT_COMPILATION_MODE = wholemodule;
				SWIFT_OPTIMIZATION_LEVEL = "-O";
				VALIDATE_PRODUCT = YES;
			};
			name = Release;
		};
		A40D816B24D2C6C2006D2CE3 /* Debug */ = {
			isa = XCBuildConfiguration;
			buildSettings = {
				ASSETCATALOG_COMPILER_APPICON_NAME = AppIcon;
				CODE_SIGN_STYLE = Automatic;
				DEVELOPMENT_TEAM = P89V4KBVYT;
				INFOPLIST_FILE = QuizPlease/Info.plist;
				IPHONEOS_DEPLOYMENT_TARGET = 12.0;
				LD_RUNPATH_SEARCH_PATHS = (
					"$(inherited)",
					"@executable_path/Frameworks",
				);
				PRODUCT_BUNDLE_IDENTIFIER = com.pycak.QuizPlease;
				PRODUCT_NAME = "$(TARGET_NAME)";
				SWIFT_VERSION = 5.0;
				TARGETED_DEVICE_FAMILY = 1;
			};
			name = Debug;
		};
		A40D816C24D2C6C2006D2CE3 /* Release */ = {
			isa = XCBuildConfiguration;
			buildSettings = {
				ASSETCATALOG_COMPILER_APPICON_NAME = AppIcon;
				CODE_SIGN_STYLE = Automatic;
				DEVELOPMENT_TEAM = P89V4KBVYT;
				INFOPLIST_FILE = QuizPlease/Info.plist;
				IPHONEOS_DEPLOYMENT_TARGET = 12.0;
				LD_RUNPATH_SEARCH_PATHS = (
					"$(inherited)",
					"@executable_path/Frameworks",
				);
				PRODUCT_BUNDLE_IDENTIFIER = com.pycak.QuizPlease;
				PRODUCT_NAME = "$(TARGET_NAME)";
				SWIFT_VERSION = 5.0;
				TARGETED_DEVICE_FAMILY = 1;
			};
			name = Release;
		};
/* End XCBuildConfiguration section */

/* Begin XCConfigurationList section */
		A40D815124D2C6C1006D2CE3 /* Build configuration list for PBXProject "QuizPlease" */ = {
			isa = XCConfigurationList;
			buildConfigurations = (
				A40D816824D2C6C2006D2CE3 /* Debug */,
				A40D816924D2C6C2006D2CE3 /* Release */,
			);
			defaultConfigurationIsVisible = 0;
			defaultConfigurationName = Release;
		};
		A40D816A24D2C6C2006D2CE3 /* Build configuration list for PBXNativeTarget "QuizPlease" */ = {
			isa = XCConfigurationList;
			buildConfigurations = (
				A40D816B24D2C6C2006D2CE3 /* Debug */,
				A40D816C24D2C6C2006D2CE3 /* Release */,
			);
			defaultConfigurationIsVisible = 0;
			defaultConfigurationName = Release;
		};
/* End XCConfigurationList section */
	};
	rootObject = A40D814E24D2C6C1006D2CE3 /* Project object */;
}
